// !$*UTF8*$!
{
	archiveVersion = 1;
	classes = {
	};
	objectVersion = 48;
	objects = {

/* Begin PBXBuildFile section */
		2C3173892015B9AA00CA3416 /* AlertModule.swift in Sources */ = {isa = PBXBuildFile; fileRef = 2C3173882015B9AA00CA3416 /* AlertModule.swift */; };
		2C7D59DB20152BEB00BDEFDD /* AppDelegate.swift in Sources */ = {isa = PBXBuildFile; fileRef = 2C7D59DA20152BEB00BDEFDD /* AppDelegate.swift */; };
		2C7D59E020152BEB00BDEFDD /* Main.storyboard in Resources */ = {isa = PBXBuildFile; fileRef = 2C7D59DE20152BEB00BDEFDD /* Main.storyboard */; };
		2C7D59E320152BEB00BDEFDD /* NumbersApplication.xcdatamodeld in Sources */ = {isa = PBXBuildFile; fileRef = 2C7D59E120152BEB00BDEFDD /* NumbersApplication.xcdatamodeld */; };
		2C7D59E520152BEB00BDEFDD /* Assets.xcassets in Resources */ = {isa = PBXBuildFile; fileRef = 2C7D59E420152BEB00BDEFDD /* Assets.xcassets */; };
		2C7D59E820152BEB00BDEFDD /* LaunchScreen.storyboard in Resources */ = {isa = PBXBuildFile; fileRef = 2C7D59E620152BEB00BDEFDD /* LaunchScreen.storyboard */; };
		2C7D59F320152BEC00BDEFDD /* NumbersApplicationTests.swift in Sources */ = {isa = PBXBuildFile; fileRef = 2C7D59F220152BEC00BDEFDD /* NumbersApplicationTests.swift */; };
		2C7D59FE20152BEC00BDEFDD /* NumbersApplicationUITests.swift in Sources */ = {isa = PBXBuildFile; fileRef = 2C7D59FD20152BEC00BDEFDD /* NumbersApplicationUITests.swift */; };
		2C7D5A0D2015338800BDEFDD /* InitialContainerViewController.swift in Sources */ = {isa = PBXBuildFile; fileRef = 2C7D5A0C2015338800BDEFDD /* InitialContainerViewController.swift */; };
		2CB9971B201544B90091500F /* Deserializer.swift in Sources */ = {isa = PBXBuildFile; fileRef = 2CB9971A201544B90091500F /* Deserializer.swift */; };
		2CB9971D20155DFE0091500F /* DetailData.swift in Sources */ = {isa = PBXBuildFile; fileRef = 2CB9971C20155DFE0091500F /* DetailData.swift */; };
		2CD76C57201535F200FB4E1F /* MasterConfigurator.swift in Sources */ = {isa = PBXBuildFile; fileRef = 2CD76C52201535F200FB4E1F /* MasterConfigurator.swift */; };
		2CD76C58201535F200FB4E1F /* MasterPresenter.swift in Sources */ = {isa = PBXBuildFile; fileRef = 2CD76C53201535F200FB4E1F /* MasterPresenter.swift */; };
		2CD76C59201535F200FB4E1F /* MasterPresenterImplementation.swift in Sources */ = {isa = PBXBuildFile; fileRef = 2CD76C54201535F200FB4E1F /* MasterPresenterImplementation.swift */; };
		2CD76C5A201535F200FB4E1F /* MasterView.swift in Sources */ = {isa = PBXBuildFile; fileRef = 2CD76C55201535F200FB4E1F /* MasterView.swift */; };
		2CD76C5B201535F200FB4E1F /* MasterViewController.swift in Sources */ = {isa = PBXBuildFile; fileRef = 2CD76C56201535F200FB4E1F /* MasterViewController.swift */; };
		2CD76C642015361E00FB4E1F /* DetailsConfigurator.swift in Sources */ = {isa = PBXBuildFile; fileRef = 2CD76C5F2015361E00FB4E1F /* DetailsConfigurator.swift */; };
		2CD76C652015361E00FB4E1F /* DetailsPresenter.swift in Sources */ = {isa = PBXBuildFile; fileRef = 2CD76C602015361E00FB4E1F /* DetailsPresenter.swift */; };
		2CD76C662015361E00FB4E1F /* DetailsPresenterImplementation.swift in Sources */ = {isa = PBXBuildFile; fileRef = 2CD76C612015361E00FB4E1F /* DetailsPresenterImplementation.swift */; };
		2CD76C672015361E00FB4E1F /* DetailsView.swift in Sources */ = {isa = PBXBuildFile; fileRef = 2CD76C622015361E00FB4E1F /* DetailsView.swift */; };
		2CD76C682015361E00FB4E1F /* DetailsViewController.swift in Sources */ = {isa = PBXBuildFile; fileRef = 2CD76C632015361E00FB4E1F /* DetailsViewController.swift */; };
		2CD76C7F2015382200FB4E1F /* MasterTableViewCell.swift in Sources */ = {isa = PBXBuildFile; fileRef = 2CD76C7E2015382200FB4E1F /* MasterTableViewCell.swift */; };
		2CD76C83201539AB00FB4E1F /* MasterData.swift in Sources */ = {isa = PBXBuildFile; fileRef = 2CD76C82201539AB00FB4E1F /* MasterData.swift */; };
		2CD76C8820153A5D00FB4E1F /* ApiGateway.swift in Sources */ = {isa = PBXBuildFile; fileRef = 2CD76C8720153A5D00FB4E1F /* ApiGateway.swift */; };
		B29F80EBCEE50A37BE500386 /* Pods_NumbersApplicationUITests.framework in Frameworks */ = {isa = PBXBuildFile; fileRef = 8DBCFE6120EFC6C7575AEE13 /* Pods_NumbersApplicationUITests.framework */; };
		D210B2BA4CDC20D3509F6E91 /* Pods_NumbersApplication.framework in Frameworks */ = {isa = PBXBuildFile; fileRef = 3F0418AF9313B5339CE85118 /* Pods_NumbersApplication.framework */; };
		E85A66C1DFBC7796C6D5089E /* Pods_NumbersApplicationTests.framework in Frameworks */ = {isa = PBXBuildFile; fileRef = D2F7272BE475EF6223DC1947 /* Pods_NumbersApplicationTests.framework */; };
/* End PBXBuildFile section */

/* Begin PBXContainerItemProxy section */
		2C7D59EF20152BEC00BDEFDD /* PBXContainerItemProxy */ = {
			isa = PBXContainerItemProxy;
			containerPortal = 2C7D59CF20152BEB00BDEFDD /* Project object */;
			proxyType = 1;
			remoteGlobalIDString = 2C7D59D620152BEB00BDEFDD;
			remoteInfo = NumbersApplication;
		};
		2C7D59FA20152BEC00BDEFDD /* PBXContainerItemProxy */ = {
			isa = PBXContainerItemProxy;
			containerPortal = 2C7D59CF20152BEB00BDEFDD /* Project object */;
			proxyType = 1;
			remoteGlobalIDString = 2C7D59D620152BEB00BDEFDD;
			remoteInfo = NumbersApplication;
		};
/* End PBXContainerItemProxy section */

/* Begin PBXFileReference section */
		158C07A9EDE99DFA455B5401 /* Pods-NumbersApplicationTests.release.xcconfig */ = {isa = PBXFileReference; includeInIndex = 1; lastKnownFileType = text.xcconfig; name = "Pods-NumbersApplicationTests.release.xcconfig"; path = "Pods/Target Support Files/Pods-NumbersApplicationTests/Pods-NumbersApplicationTests.release.xcconfig"; sourceTree = "<group>"; };
		2C3173882015B9AA00CA3416 /* AlertModule.swift */ = {isa = PBXFileReference; lastKnownFileType = sourcecode.swift; path = AlertModule.swift; sourceTree = "<group>"; };
		2C7D59D720152BEB00BDEFDD /* NumbersApplication.app */ = {isa = PBXFileReference; explicitFileType = wrapper.application; includeInIndex = 0; path = NumbersApplication.app; sourceTree = BUILT_PRODUCTS_DIR; };
		2C7D59DA20152BEB00BDEFDD /* AppDelegate.swift */ = {isa = PBXFileReference; lastKnownFileType = sourcecode.swift; path = AppDelegate.swift; sourceTree = "<group>"; };
		2C7D59DF20152BEB00BDEFDD /* Base */ = {isa = PBXFileReference; lastKnownFileType = file.storyboard; name = Base; path = Base.lproj/Main.storyboard; sourceTree = "<group>"; };
		2C7D59E220152BEB00BDEFDD /* NumbersApplication.xcdatamodel */ = {isa = PBXFileReference; lastKnownFileType = wrapper.xcdatamodel; path = NumbersApplication.xcdatamodel; sourceTree = "<group>"; };
		2C7D59E420152BEB00BDEFDD /* Assets.xcassets */ = {isa = PBXFileReference; lastKnownFileType = folder.assetcatalog; path = Assets.xcassets; sourceTree = "<group>"; };
		2C7D59E720152BEB00BDEFDD /* Base */ = {isa = PBXFileReference; lastKnownFileType = file.storyboard; name = Base; path = Base.lproj/LaunchScreen.storyboard; sourceTree = "<group>"; };
		2C7D59E920152BEB00BDEFDD /* Info.plist */ = {isa = PBXFileReference; lastKnownFileType = text.plist.xml; path = Info.plist; sourceTree = "<group>"; };
		2C7D59EE20152BEC00BDEFDD /* NumbersApplicationTests.xctest */ = {isa = PBXFileReference; explicitFileType = wrapper.cfbundle; includeInIndex = 0; path = NumbersApplicationTests.xctest; sourceTree = BUILT_PRODUCTS_DIR; };
		2C7D59F220152BEC00BDEFDD /* NumbersApplicationTests.swift */ = {isa = PBXFileReference; lastKnownFileType = sourcecode.swift; path = NumbersApplicationTests.swift; sourceTree = "<group>"; };
		2C7D59F420152BEC00BDEFDD /* Info.plist */ = {isa = PBXFileReference; lastKnownFileType = text.plist.xml; path = Info.plist; sourceTree = "<group>"; };
		2C7D59F920152BEC00BDEFDD /* NumbersApplicationUITests.xctest */ = {isa = PBXFileReference; explicitFileType = wrapper.cfbundle; includeInIndex = 0; path = NumbersApplicationUITests.xctest; sourceTree = BUILT_PRODUCTS_DIR; };
		2C7D59FD20152BEC00BDEFDD /* NumbersApplicationUITests.swift */ = {isa = PBXFileReference; lastKnownFileType = sourcecode.swift; path = NumbersApplicationUITests.swift; sourceTree = "<group>"; };
		2C7D59FF20152BEC00BDEFDD /* Info.plist */ = {isa = PBXFileReference; lastKnownFileType = text.plist.xml; path = Info.plist; sourceTree = "<group>"; };
		2C7D5A0C2015338800BDEFDD /* InitialContainerViewController.swift */ = {isa = PBXFileReference; lastKnownFileType = sourcecode.swift; path = InitialContainerViewController.swift; sourceTree = "<group>"; };
		2CB9971A201544B90091500F /* Deserializer.swift */ = {isa = PBXFileReference; lastKnownFileType = sourcecode.swift; path = Deserializer.swift; sourceTree = "<group>"; };
		2CB9971C20155DFE0091500F /* DetailData.swift */ = {isa = PBXFileReference; lastKnownFileType = sourcecode.swift; path = DetailData.swift; sourceTree = "<group>"; };
		2CD76C52201535F200FB4E1F /* MasterConfigurator.swift */ = {isa = PBXFileReference; fileEncoding = 4; lastKnownFileType = sourcecode.swift; path = MasterConfigurator.swift; sourceTree = "<group>"; };
		2CD76C53201535F200FB4E1F /* MasterPresenter.swift */ = {isa = PBXFileReference; fileEncoding = 4; lastKnownFileType = sourcecode.swift; path = MasterPresenter.swift; sourceTree = "<group>"; };
		2CD76C54201535F200FB4E1F /* MasterPresenterImplementation.swift */ = {isa = PBXFileReference; fileEncoding = 4; lastKnownFileType = sourcecode.swift; path = MasterPresenterImplementation.swift; sourceTree = "<group>"; };
		2CD76C55201535F200FB4E1F /* MasterView.swift */ = {isa = PBXFileReference; fileEncoding = 4; lastKnownFileType = sourcecode.swift; path = MasterView.swift; sourceTree = "<group>"; };
		2CD76C56201535F200FB4E1F /* MasterViewController.swift */ = {isa = PBXFileReference; fileEncoding = 4; lastKnownFileType = sourcecode.swift; path = MasterViewController.swift; sourceTree = "<group>"; };
		2CD76C5F2015361E00FB4E1F /* DetailsConfigurator.swift */ = {isa = PBXFileReference; fileEncoding = 4; lastKnownFileType = sourcecode.swift; path = DetailsConfigurator.swift; sourceTree = "<group>"; };
		2CD76C602015361E00FB4E1F /* DetailsPresenter.swift */ = {isa = PBXFileReference; fileEncoding = 4; lastKnownFileType = sourcecode.swift; path = DetailsPresenter.swift; sourceTree = "<group>"; };
		2CD76C612015361E00FB4E1F /* DetailsPresenterImplementation.swift */ = {isa = PBXFileReference; fileEncoding = 4; lastKnownFileType = sourcecode.swift; path = DetailsPresenterImplementation.swift; sourceTree = "<group>"; };
		2CD76C622015361E00FB4E1F /* DetailsView.swift */ = {isa = PBXFileReference; fileEncoding = 4; lastKnownFileType = sourcecode.swift; path = DetailsView.swift; sourceTree = "<group>"; };
		2CD76C632015361E00FB4E1F /* DetailsViewController.swift */ = {isa = PBXFileReference; fileEncoding = 4; lastKnownFileType = sourcecode.swift; path = DetailsViewController.swift; sourceTree = "<group>"; };
		2CD76C7E2015382200FB4E1F /* MasterTableViewCell.swift */ = {isa = PBXFileReference; lastKnownFileType = sourcecode.swift; path = MasterTableViewCell.swift; sourceTree = "<group>"; };
		2CD76C82201539AB00FB4E1F /* MasterData.swift */ = {isa = PBXFileReference; lastKnownFileType = sourcecode.swift; path = MasterData.swift; sourceTree = "<group>"; };
		2CD76C8720153A5D00FB4E1F /* ApiGateway.swift */ = {isa = PBXFileReference; lastKnownFileType = sourcecode.swift; path = ApiGateway.swift; sourceTree = "<group>"; };
		3F0418AF9313B5339CE85118 /* Pods_NumbersApplication.framework */ = {isa = PBXFileReference; explicitFileType = wrapper.framework; includeInIndex = 0; path = Pods_NumbersApplication.framework; sourceTree = BUILT_PRODUCTS_DIR; };
		498B51861FEC4588DDA3E1CF /* Pods-NumbersApplicationUITests.release.xcconfig */ = {isa = PBXFileReference; includeInIndex = 1; lastKnownFileType = text.xcconfig; name = "Pods-NumbersApplicationUITests.release.xcconfig"; path = "Pods/Target Support Files/Pods-NumbersApplicationUITests/Pods-NumbersApplicationUITests.release.xcconfig"; sourceTree = "<group>"; };
		8DBCFE6120EFC6C7575AEE13 /* Pods_NumbersApplicationUITests.framework */ = {isa = PBXFileReference; explicitFileType = wrapper.framework; includeInIndex = 0; path = Pods_NumbersApplicationUITests.framework; sourceTree = BUILT_PRODUCTS_DIR; };
		96A7F6FDB2FDC37F4D172DDC /* Pods-NumbersApplicationTests.debug.xcconfig */ = {isa = PBXFileReference; includeInIndex = 1; lastKnownFileType = text.xcconfig; name = "Pods-NumbersApplicationTests.debug.xcconfig"; path = "Pods/Target Support Files/Pods-NumbersApplicationTests/Pods-NumbersApplicationTests.debug.xcconfig"; sourceTree = "<group>"; };
		A3DFAEC090DB7FD4E3FB2146 /* Pods-NumbersApplication.debug.xcconfig */ = {isa = PBXFileReference; includeInIndex = 1; lastKnownFileType = text.xcconfig; name = "Pods-NumbersApplication.debug.xcconfig"; path = "Pods/Target Support Files/Pods-NumbersApplication/Pods-NumbersApplication.debug.xcconfig"; sourceTree = "<group>"; };
		D2F7272BE475EF6223DC1947 /* Pods_NumbersApplicationTests.framework */ = {isa = PBXFileReference; explicitFileType = wrapper.framework; includeInIndex = 0; path = Pods_NumbersApplicationTests.framework; sourceTree = BUILT_PRODUCTS_DIR; };
		F4EB01731925AAB2E6B17C36 /* Pods-NumbersApplication.release.xcconfig */ = {isa = PBXFileReference; includeInIndex = 1; lastKnownFileType = text.xcconfig; name = "Pods-NumbersApplication.release.xcconfig"; path = "Pods/Target Support Files/Pods-NumbersApplication/Pods-NumbersApplication.release.xcconfig"; sourceTree = "<group>"; };
		FB7BE2B35257665D1ACC5D03 /* Pods-NumbersApplicationUITests.debug.xcconfig */ = {isa = PBXFileReference; includeInIndex = 1; lastKnownFileType = text.xcconfig; name = "Pods-NumbersApplicationUITests.debug.xcconfig"; path = "Pods/Target Support Files/Pods-NumbersApplicationUITests/Pods-NumbersApplicationUITests.debug.xcconfig"; sourceTree = "<group>"; };
/* End PBXFileReference section */

/* Begin PBXFrameworksBuildPhase section */
		2C7D59D420152BEB00BDEFDD /* Frameworks */ = {
			isa = PBXFrameworksBuildPhase;
			buildActionMask = 2147483647;
			files = (
				D210B2BA4CDC20D3509F6E91 /* Pods_NumbersApplication.framework in Frameworks */,
			);
			runOnlyForDeploymentPostprocessing = 0;
		};
		2C7D59EB20152BEC00BDEFDD /* Frameworks */ = {
			isa = PBXFrameworksBuildPhase;
			buildActionMask = 2147483647;
			files = (
				E85A66C1DFBC7796C6D5089E /* Pods_NumbersApplicationTests.framework in Frameworks */,
			);
			runOnlyForDeploymentPostprocessing = 0;
		};
		2C7D59F620152BEC00BDEFDD /* Frameworks */ = {
			isa = PBXFrameworksBuildPhase;
			buildActionMask = 2147483647;
			files = (
				B29F80EBCEE50A37BE500386 /* Pods_NumbersApplicationUITests.framework in Frameworks */,
			);
			runOnlyForDeploymentPostprocessing = 0;
		};
/* End PBXFrameworksBuildPhase section */

/* Begin PBXGroup section */
		159E9BE573D93AC5A3499F7A /* Pods */ = {
			isa = PBXGroup;
			children = (
				A3DFAEC090DB7FD4E3FB2146 /* Pods-NumbersApplication.debug.xcconfig */,
				F4EB01731925AAB2E6B17C36 /* Pods-NumbersApplication.release.xcconfig */,
				96A7F6FDB2FDC37F4D172DDC /* Pods-NumbersApplicationTests.debug.xcconfig */,
				158C07A9EDE99DFA455B5401 /* Pods-NumbersApplicationTests.release.xcconfig */,
				FB7BE2B35257665D1ACC5D03 /* Pods-NumbersApplicationUITests.debug.xcconfig */,
				498B51861FEC4588DDA3E1CF /* Pods-NumbersApplicationUITests.release.xcconfig */,
			);
			name = Pods;
			sourceTree = "<group>";
		};
		2C3173872015B05000CA3416 /* Views */ = {
			isa = PBXGroup;
			children = (
				2C7D59DE20152BEB00BDEFDD /* Main.storyboard */,
				2C7D59E620152BEB00BDEFDD /* LaunchScreen.storyboard */,
			);
			path = Views;
			sourceTree = "<group>";
		};
		2C7D59CE20152BEB00BDEFDD = {
			isa = PBXGroup;
			children = (
				2C7D59D920152BEB00BDEFDD /* NumbersApplication */,
				2C7D59F120152BEC00BDEFDD /* NumbersApplicationTests */,
				2C7D59FC20152BEC00BDEFDD /* NumbersApplicationUITests */,
				2C7D59D820152BEB00BDEFDD /* Products */,
				159E9BE573D93AC5A3499F7A /* Pods */,
				4A419BB9CF96FFFA2AD7C435 /* Frameworks */,
			);
			sourceTree = "<group>";
		};
		2C7D59D820152BEB00BDEFDD /* Products */ = {
			isa = PBXGroup;
			children = (
				2C7D59D720152BEB00BDEFDD /* NumbersApplication.app */,
				2C7D59EE20152BEC00BDEFDD /* NumbersApplicationTests.xctest */,
				2C7D59F920152BEC00BDEFDD /* NumbersApplicationUITests.xctest */,
			);
			name = Products;
			sourceTree = "<group>";
		};
		2C7D59D920152BEB00BDEFDD /* NumbersApplication */ = {
			isa = PBXGroup;
			children = (
				2C3173872015B05000CA3416 /* Views */,
				2CD76C802015395200FB4E1F /* Core */,
				2C7D5A132015347B00BDEFDD /* Scenes */,
				2C7D5A0B2015334E00BDEFDD /* SupplementaryViews */,
				2C7D59DA20152BEB00BDEFDD /* AppDelegate.swift */,
				2C7D59E420152BEB00BDEFDD /* Assets.xcassets */,
				2C7D59E920152BEB00BDEFDD /* Info.plist */,
				2C7D59E120152BEB00BDEFDD /* NumbersApplication.xcdatamodeld */,
			);
			path = NumbersApplication;
			sourceTree = "<group>";
		};
		2C7D59F120152BEC00BDEFDD /* NumbersApplicationTests */ = {
			isa = PBXGroup;
			children = (
				2C7D59F220152BEC00BDEFDD /* NumbersApplicationTests.swift */,
				2C7D59F420152BEC00BDEFDD /* Info.plist */,
			);
			path = NumbersApplicationTests;
			sourceTree = "<group>";
		};
		2C7D59FC20152BEC00BDEFDD /* NumbersApplicationUITests */ = {
			isa = PBXGroup;
			children = (
				2C7D59FD20152BEC00BDEFDD /* NumbersApplicationUITests.swift */,
				2C7D59FF20152BEC00BDEFDD /* Info.plist */,
			);
			path = NumbersApplicationUITests;
			sourceTree = "<group>";
		};
		2C7D5A0B2015334E00BDEFDD /* SupplementaryViews */ = {
			isa = PBXGroup;
			children = (
				2C7D5A0C2015338800BDEFDD /* InitialContainerViewController.swift */,
			);
			path = SupplementaryViews;
			sourceTree = "<group>";
		};
		2C7D5A132015347B00BDEFDD /* Scenes */ = {
			isa = PBXGroup;
			children = (
				2CD76C51201535F200FB4E1F /* Master */,
				2CD76C5E2015361E00FB4E1F /* Details */,
			);
			path = Scenes;
			sourceTree = "<group>";
		};
		2CD76C51201535F200FB4E1F /* Master */ = {
			isa = PBXGroup;
			children = (
				2CD76C6F2015374100FB4E1F /* Container */,
				2CD76C52201535F200FB4E1F /* MasterConfigurator.swift */,
				2CD76C73201537B100FB4E1F /* Cell */,
			);
			path = Master;
			sourceTree = "<group>";
		};
		2CD76C5E2015361E00FB4E1F /* Details */ = {
			isa = PBXGroup;
			children = (
				2CD76C6C201536C000FB4E1F /* Presenter */,
				2CD76C6E201536D100FB4E1F /* View */,
				2CD76C5F2015361E00FB4E1F /* DetailsConfigurator.swift */,
			);
			path = Details;
			sourceTree = "<group>";
		};
		2CD76C6A201536AF00FB4E1F /* Presenter */ = {
			isa = PBXGroup;
			children = (
				2CD76C53201535F200FB4E1F /* MasterPresenter.swift */,
				2CD76C54201535F200FB4E1F /* MasterPresenterImplementation.swift */,
			);
			path = Presenter;
			sourceTree = "<group>";
		};
		2CD76C6B201536B600FB4E1F /* View */ = {
			isa = PBXGroup;
			children = (
				2CD76C55201535F200FB4E1F /* MasterView.swift */,
				2CD76C56201535F200FB4E1F /* MasterViewController.swift */,
			);
			path = View;
			sourceTree = "<group>";
		};
		2CD76C6C201536C000FB4E1F /* Presenter */ = {
			isa = PBXGroup;
			children = (
				2CD76C602015361E00FB4E1F /* DetailsPresenter.swift */,
				2CD76C612015361E00FB4E1F /* DetailsPresenterImplementation.swift */,
			);
			path = Presenter;
			sourceTree = "<group>";
		};
		2CD76C6E201536D100FB4E1F /* View */ = {
			isa = PBXGroup;
			children = (
				2CD76C622015361E00FB4E1F /* DetailsView.swift */,
				2CD76C632015361E00FB4E1F /* DetailsViewController.swift */,
			);
			path = View;
			sourceTree = "<group>";
		};
		2CD76C6F2015374100FB4E1F /* Container */ = {
			isa = PBXGroup;
			children = (
				2CD76C6A201536AF00FB4E1F /* Presenter */,
				2CD76C6B201536B600FB4E1F /* View */,
			);
			path = Container;
			sourceTree = "<group>";
		};
		2CD76C73201537B100FB4E1F /* Cell */ = {
			isa = PBXGroup;
			children = (
				2CD76C7E2015382200FB4E1F /* MasterTableViewCell.swift */,
			);
			path = Cell;
			sourceTree = "<group>";
		};
		2CD76C802015395200FB4E1F /* Core */ = {
			isa = PBXGroup;
			children = (
				2CD76C812015397000FB4E1F /* Domain */,
				2CD76C8620153A3B00FB4E1F /* Modules */,
			);
			path = Core;
			sourceTree = "<group>";
		};
		2CD76C812015397000FB4E1F /* Domain */ = {
			isa = PBXGroup;
			children = (
				2CD76C82201539AB00FB4E1F /* MasterData.swift */,
				2CB9971C20155DFE0091500F /* DetailData.swift */,
			);
			path = Domain;
			sourceTree = "<group>";
		};
		2CD76C8620153A3B00FB4E1F /* Modules */ = {
			isa = PBXGroup;
			children = (
				2CD76C8720153A5D00FB4E1F /* ApiGateway.swift */,
				2CB9971A201544B90091500F /* Deserializer.swift */,
				2C3173882015B9AA00CA3416 /* AlertModule.swift */,
			);
			path = Modules;
			sourceTree = "<group>";
		};
		4A419BB9CF96FFFA2AD7C435 /* Frameworks */ = {
			isa = PBXGroup;
			children = (
				3F0418AF9313B5339CE85118 /* Pods_NumbersApplication.framework */,
				D2F7272BE475EF6223DC1947 /* Pods_NumbersApplicationTests.framework */,
				8DBCFE6120EFC6C7575AEE13 /* Pods_NumbersApplicationUITests.framework */,
			);
			name = Frameworks;
			sourceTree = "<group>";
		};
/* End PBXGroup section */

/* Begin PBXNativeTarget section */
		2C7D59D620152BEB00BDEFDD /* NumbersApplication */ = {
			isa = PBXNativeTarget;
			buildConfigurationList = 2C7D5A0220152BEC00BDEFDD /* Build configuration list for PBXNativeTarget "NumbersApplication" */;
			buildPhases = (
				0ACF0F336EE7D13A38EC6A0D /* [CP] Check Pods Manifest.lock */,
				2C7D59D320152BEB00BDEFDD /* Sources */,
				2C7D59D420152BEB00BDEFDD /* Frameworks */,
				2C7D59D520152BEB00BDEFDD /* Resources */,
				58DE6594E9F3837132879339 /* [CP] Embed Pods Frameworks */,
			);
			buildRules = (
			);
			dependencies = (
			);
			name = NumbersApplication;
			productName = NumbersApplication;
			productReference = 2C7D59D720152BEB00BDEFDD /* NumbersApplication.app */;
			productType = "com.apple.product-type.application";
		};
		2C7D59ED20152BEC00BDEFDD /* NumbersApplicationTests */ = {
			isa = PBXNativeTarget;
			buildConfigurationList = 2C7D5A0520152BEC00BDEFDD /* Build configuration list for PBXNativeTarget "NumbersApplicationTests" */;
			buildPhases = (
				63EB55890F187D060AFAF0B5 /* [CP] Check Pods Manifest.lock */,
				2C7D59EA20152BEC00BDEFDD /* Sources */,
				2C7D59EB20152BEC00BDEFDD /* Frameworks */,
				2C7D59EC20152BEC00BDEFDD /* Resources */,
			);
			buildRules = (
			);
			dependencies = (
				2C7D59F020152BEC00BDEFDD /* PBXTargetDependency */,
			);
			name = NumbersApplicationTests;
			productName = NumbersApplicationTests;
			productReference = 2C7D59EE20152BEC00BDEFDD /* NumbersApplicationTests.xctest */;
			productType = "com.apple.product-type.bundle.unit-test";
		};
		2C7D59F820152BEC00BDEFDD /* NumbersApplicationUITests */ = {
			isa = PBXNativeTarget;
			buildConfigurationList = 2C7D5A0820152BEC00BDEFDD /* Build configuration list for PBXNativeTarget "NumbersApplicationUITests" */;
			buildPhases = (
				0619ADEBD001650CD8A6E9C2 /* [CP] Check Pods Manifest.lock */,
				2C7D59F520152BEC00BDEFDD /* Sources */,
				2C7D59F620152BEC00BDEFDD /* Frameworks */,
				2C7D59F720152BEC00BDEFDD /* Resources */,
			);
			buildRules = (
			);
			dependencies = (
				2C7D59FB20152BEC00BDEFDD /* PBXTargetDependency */,
			);
			name = NumbersApplicationUITests;
			productName = NumbersApplicationUITests;
			productReference = 2C7D59F920152BEC00BDEFDD /* NumbersApplicationUITests.xctest */;
			productType = "com.apple.product-type.bundle.ui-testing";
		};
/* End PBXNativeTarget section */

/* Begin PBXProject section */
		2C7D59CF20152BEB00BDEFDD /* Project object */ = {
			isa = PBXProject;
			attributes = {
				LastSwiftUpdateCheck = 0910;
				LastUpgradeCheck = 0910;
				ORGANIZATIONNAME = Kamajabu;
				TargetAttributes = {
					2C7D59D620152BEB00BDEFDD = {
						CreatedOnToolsVersion = 9.1;
						ProvisioningStyle = Automatic;
					};
					2C7D59ED20152BEC00BDEFDD = {
						CreatedOnToolsVersion = 9.1;
						ProvisioningStyle = Automatic;
						TestTargetID = 2C7D59D620152BEB00BDEFDD;
					};
					2C7D59F820152BEC00BDEFDD = {
						CreatedOnToolsVersion = 9.1;
						ProvisioningStyle = Automatic;
						TestTargetID = 2C7D59D620152BEB00BDEFDD;
					};
				};
			};
			buildConfigurationList = 2C7D59D220152BEB00BDEFDD /* Build configuration list for PBXProject "NumbersApplication" */;
			compatibilityVersion = "Xcode 8.0";
			developmentRegion = en;
			hasScannedForEncodings = 0;
			knownRegions = (
				en,
				Base,
			);
			mainGroup = 2C7D59CE20152BEB00BDEFDD;
			productRefGroup = 2C7D59D820152BEB00BDEFDD /* Products */;
			projectDirPath = "";
			projectRoot = "";
			targets = (
				2C7D59D620152BEB00BDEFDD /* NumbersApplication */,
				2C7D59ED20152BEC00BDEFDD /* NumbersApplicationTests */,
				2C7D59F820152BEC00BDEFDD /* NumbersApplicationUITests */,
			);
		};
/* End PBXProject section */

/* Begin PBXResourcesBuildPhase section */
		2C7D59D520152BEB00BDEFDD /* Resources */ = {
			isa = PBXResourcesBuildPhase;
			buildActionMask = 2147483647;
			files = (
				2C7D59E820152BEB00BDEFDD /* LaunchScreen.storyboard in Resources */,
				2C7D59E520152BEB00BDEFDD /* Assets.xcassets in Resources */,
				2C7D59E020152BEB00BDEFDD /* Main.storyboard in Resources */,
			);
			runOnlyForDeploymentPostprocessing = 0;
		};
		2C7D59EC20152BEC00BDEFDD /* Resources */ = {
			isa = PBXResourcesBuildPhase;
			buildActionMask = 2147483647;
			files = (
			);
			runOnlyForDeploymentPostprocessing = 0;
		};
		2C7D59F720152BEC00BDEFDD /* Resources */ = {
			isa = PBXResourcesBuildPhase;
			buildActionMask = 2147483647;
			files = (
			);
			runOnlyForDeploymentPostprocessing = 0;
		};
/* End PBXResourcesBuildPhase section */

/* Begin PBXShellScriptBuildPhase section */
		0619ADEBD001650CD8A6E9C2 /* [CP] Check Pods Manifest.lock */ = {
			isa = PBXShellScriptBuildPhase;
			buildActionMask = 2147483647;
			files = (
			);
			inputPaths = (
				"${PODS_PODFILE_DIR_PATH}/Podfile.lock",
				"${PODS_ROOT}/Manifest.lock",
			);
			name = "[CP] Check Pods Manifest.lock";
			outputPaths = (
				"$(DERIVED_FILE_DIR)/Pods-NumbersApplicationUITests-checkManifestLockResult.txt",
			);
			runOnlyForDeploymentPostprocessing = 0;
			shellPath = /bin/sh;
			shellScript = "diff \"${PODS_PODFILE_DIR_PATH}/Podfile.lock\" \"${PODS_ROOT}/Manifest.lock\" > /dev/null\nif [ $? != 0 ] ; then\n    # print error to STDERR\n    echo \"error: The sandbox is not in sync with the Podfile.lock. Run 'pod install' or update your CocoaPods installation.\" >&2\n    exit 1\nfi\n# This output is used by Xcode 'outputs' to avoid re-running this script phase.\necho \"SUCCESS\" > \"${SCRIPT_OUTPUT_FILE_0}\"\n";
			showEnvVarsInLog = 0;
		};
		0ACF0F336EE7D13A38EC6A0D /* [CP] Check Pods Manifest.lock */ = {
			isa = PBXShellScriptBuildPhase;
			buildActionMask = 2147483647;
			files = (
			);
			inputPaths = (
				"${PODS_PODFILE_DIR_PATH}/Podfile.lock",
				"${PODS_ROOT}/Manifest.lock",
			);
			name = "[CP] Check Pods Manifest.lock";
			outputPaths = (
				"$(DERIVED_FILE_DIR)/Pods-NumbersApplication-checkManifestLockResult.txt",
			);
			runOnlyForDeploymentPostprocessing = 0;
			shellPath = /bin/sh;
			shellScript = "diff \"${PODS_PODFILE_DIR_PATH}/Podfile.lock\" \"${PODS_ROOT}/Manifest.lock\" > /dev/null\nif [ $? != 0 ] ; then\n    # print error to STDERR\n    echo \"error: The sandbox is not in sync with the Podfile.lock. Run 'pod install' or update your CocoaPods installation.\" >&2\n    exit 1\nfi\n# This output is used by Xcode 'outputs' to avoid re-running this script phase.\necho \"SUCCESS\" > \"${SCRIPT_OUTPUT_FILE_0}\"\n";
			showEnvVarsInLog = 0;
		};
		58DE6594E9F3837132879339 /* [CP] Embed Pods Frameworks */ = {
			isa = PBXShellScriptBuildPhase;
			buildActionMask = 2147483647;
			files = (
			);
			inputPaths = (
				"${PODS_ROOT}/Target Support Files/Pods-NumbersApplication/Pods-NumbersApplication-frameworks.sh",
				"${BUILT_PRODUCTS_DIR}/SDWebImage/SDWebImage.framework",
			);
			name = "[CP] Embed Pods Frameworks";
			outputPaths = (
				"${TARGET_BUILD_DIR}/${FRAMEWORKS_FOLDER_PATH}/SDWebImage.framework",
			);
			runOnlyForDeploymentPostprocessing = 0;
			shellPath = /bin/sh;
			shellScript = "\"${PODS_ROOT}/Target Support Files/Pods-NumbersApplication/Pods-NumbersApplication-frameworks.sh\"\n";
			showEnvVarsInLog = 0;
		};
		63EB55890F187D060AFAF0B5 /* [CP] Check Pods Manifest.lock */ = {
			isa = PBXShellScriptBuildPhase;
			buildActionMask = 2147483647;
			files = (
			);
			inputPaths = (
				"${PODS_PODFILE_DIR_PATH}/Podfile.lock",
				"${PODS_ROOT}/Manifest.lock",
			);
			name = "[CP] Check Pods Manifest.lock";
			outputPaths = (
				"$(DERIVED_FILE_DIR)/Pods-NumbersApplicationTests-checkManifestLockResult.txt",
			);
			runOnlyForDeploymentPostprocessing = 0;
			shellPath = /bin/sh;
			shellScript = "diff \"${PODS_PODFILE_DIR_PATH}/Podfile.lock\" \"${PODS_ROOT}/Manifest.lock\" > /dev/null\nif [ $? != 0 ] ; then\n    # print error to STDERR\n    echo \"error: The sandbox is not in sync with the Podfile.lock. Run 'pod install' or update your CocoaPods installation.\" >&2\n    exit 1\nfi\n# This output is used by Xcode 'outputs' to avoid re-running this script phase.\necho \"SUCCESS\" > \"${SCRIPT_OUTPUT_FILE_0}\"\n";
			showEnvVarsInLog = 0;
		};
/* End PBXShellScriptBuildPhase section */

/* Begin PBXSourcesBuildPhase section */
		2C7D59D320152BEB00BDEFDD /* Sources */ = {
			isa = PBXSourcesBuildPhase;
			buildActionMask = 2147483647;
			files = (
				2CD76C58201535F200FB4E1F /* MasterPresenter.swift in Sources */,
				2C3173892015B9AA00CA3416 /* AlertModule.swift in Sources */,
				2CD76C83201539AB00FB4E1F /* MasterData.swift in Sources */,
				2CD76C642015361E00FB4E1F /* DetailsConfigurator.swift in Sources */,
				2CB9971B201544B90091500F /* Deserializer.swift in Sources */,
				2CD76C662015361E00FB4E1F /* DetailsPresenterImplementation.swift in Sources */,
				2CD76C5A201535F200FB4E1F /* MasterView.swift in Sources */,
				2CD76C59201535F200FB4E1F /* MasterPresenterImplementation.swift in Sources */,
				2CB9971D20155DFE0091500F /* DetailData.swift in Sources */,
				2CD76C672015361E00FB4E1F /* DetailsView.swift in Sources */,
				2CD76C652015361E00FB4E1F /* DetailsPresenter.swift in Sources */,
				2C7D59E320152BEB00BDEFDD /* NumbersApplication.xcdatamodeld in Sources */,
				2CD76C5B201535F200FB4E1F /* MasterViewController.swift in Sources */,
				2CD76C7F2015382200FB4E1F /* MasterTableViewCell.swift in Sources */,
				2CD76C8820153A5D00FB4E1F /* ApiGateway.swift in Sources */,
				2CD76C57201535F200FB4E1F /* MasterConfigurator.swift in Sources */,
				2CD76C682015361E00FB4E1F /* DetailsViewController.swift in Sources */,
				2C7D59DB20152BEB00BDEFDD /* AppDelegate.swift in Sources */,
				2C7D5A0D2015338800BDEFDD /* InitialContainerViewController.swift in Sources */,
			);
			runOnlyForDeploymentPostprocessing = 0;
		};
		2C7D59EA20152BEC00BDEFDD /* Sources */ = {
			isa = PBXSourcesBuildPhase;
			buildActionMask = 2147483647;
			files = (
				2C7D59F320152BEC00BDEFDD /* NumbersApplicationTests.swift in Sources */,
			);
			runOnlyForDeploymentPostprocessing = 0;
		};
		2C7D59F520152BEC00BDEFDD /* Sources */ = {
			isa = PBXSourcesBuildPhase;
			buildActionMask = 2147483647;
			files = (
				2C7D59FE20152BEC00BDEFDD /* NumbersApplicationUITests.swift in Sources */,
			);
			runOnlyForDeploymentPostprocessing = 0;
		};
/* End PBXSourcesBuildPhase section */

/* Begin PBXTargetDependency section */
		2C7D59F020152BEC00BDEFDD /* PBXTargetDependency */ = {
			isa = PBXTargetDependency;
			target = 2C7D59D620152BEB00BDEFDD /* NumbersApplication */;
			targetProxy = 2C7D59EF20152BEC00BDEFDD /* PBXContainerItemProxy */;
		};
		2C7D59FB20152BEC00BDEFDD /* PBXTargetDependency */ = {
			isa = PBXTargetDependency;
			target = 2C7D59D620152BEB00BDEFDD /* NumbersApplication */;
			targetProxy = 2C7D59FA20152BEC00BDEFDD /* PBXContainerItemProxy */;
		};
/* End PBXTargetDependency section */

/* Begin PBXVariantGroup section */
		2C7D59DE20152BEB00BDEFDD /* Main.storyboard */ = {
			isa = PBXVariantGroup;
			children = (
				2C7D59DF20152BEB00BDEFDD /* Base */,
			);
			name = Main.storyboard;
			sourceTree = "<group>";
		};
		2C7D59E620152BEB00BDEFDD /* LaunchScreen.storyboard */ = {
			isa = PBXVariantGroup;
			children = (
				2C7D59E720152BEB00BDEFDD /* Base */,
			);
			name = LaunchScreen.storyboard;
			sourceTree = "<group>";
		};
/* End PBXVariantGroup section */

/* Begin XCBuildConfiguration section */
		2C7D5A0020152BEC00BDEFDD /* Debug */ = {
			isa = XCBuildConfiguration;
			buildSettings = {
				ALWAYS_SEARCH_USER_PATHS = NO;
				CLANG_ANALYZER_NONNULL = YES;
				CLANG_ANALYZER_NUMBER_OBJECT_CONVERSION = YES_AGGRESSIVE;
				CLANG_CXX_LANGUAGE_STANDARD = "gnu++14";
				CLANG_CXX_LIBRARY = "libc++";
				CLANG_ENABLE_MODULES = YES;
				CLANG_ENABLE_OBJC_ARC = YES;
				CLANG_WARN_BLOCK_CAPTURE_AUTORELEASING = YES;
				CLANG_WARN_BOOL_CONVERSION = YES;
				CLANG_WARN_COMMA = YES;
				CLANG_WARN_CONSTANT_CONVERSION = YES;
				CLANG_WARN_DIRECT_OBJC_ISA_USAGE = YES_ERROR;
				CLANG_WARN_DOCUMENTATION_COMMENTS = YES;
				CLANG_WARN_EMPTY_BODY = YES;
				CLANG_WARN_ENUM_CONVERSION = YES;
				CLANG_WARN_INFINITE_RECURSION = YES;
				CLANG_WARN_INT_CONVERSION = YES;
				CLANG_WARN_NON_LITERAL_NULL_CONVERSION = YES;
				CLANG_WARN_OBJC_LITERAL_CONVERSION = YES;
				CLANG_WARN_OBJC_ROOT_CLASS = YES_ERROR;
				CLANG_WARN_RANGE_LOOP_ANALYSIS = YES;
				CLANG_WARN_STRICT_PROTOTYPES = YES;
				CLANG_WARN_SUSPICIOUS_MOVE = YES;
				CLANG_WARN_UNGUARDED_AVAILABILITY = YES_AGGRESSIVE;
				CLANG_WARN_UNREACHABLE_CODE = YES;
				CLANG_WARN__DUPLICATE_METHOD_MATCH = YES;
				CODE_SIGN_IDENTITY = "iPhone Developer";
				COPY_PHASE_STRIP = NO;
				DEBUG_INFORMATION_FORMAT = dwarf;
				ENABLE_STRICT_OBJC_MSGSEND = YES;
				ENABLE_TESTABILITY = YES;
				GCC_C_LANGUAGE_STANDARD = gnu11;
				GCC_DYNAMIC_NO_PIC = NO;
				GCC_NO_COMMON_BLOCKS = YES;
				GCC_OPTIMIZATION_LEVEL = 0;
				GCC_PREPROCESSOR_DEFINITIONS = (
					"DEBUG=1",
					"$(inherited)",
				);
				GCC_WARN_64_TO_32_BIT_CONVERSION = YES;
				GCC_WARN_ABOUT_RETURN_TYPE = YES_ERROR;
				GCC_WARN_UNDECLARED_SELECTOR = YES;
				GCC_WARN_UNINITIALIZED_AUTOS = YES_AGGRESSIVE;
				GCC_WARN_UNUSED_FUNCTION = YES;
				GCC_WARN_UNUSED_VARIABLE = YES;
				IPHONEOS_DEPLOYMENT_TARGET = 11.1;
				MTL_ENABLE_DEBUG_INFO = YES;
				ONLY_ACTIVE_ARCH = YES;
				SDKROOT = iphoneos;
				SWIFT_ACTIVE_COMPILATION_CONDITIONS = DEBUG;
				SWIFT_OPTIMIZATION_LEVEL = "-Onone";
			};
			name = Debug;
		};
		2C7D5A0120152BEC00BDEFDD /* Release */ = {
			isa = XCBuildConfiguration;
			buildSettings = {
				ALWAYS_SEARCH_USER_PATHS = NO;
				CLANG_ANALYZER_NONNULL = YES;
				CLANG_ANALYZER_NUMBER_OBJECT_CONVERSION = YES_AGGRESSIVE;
				CLANG_CXX_LANGUAGE_STANDARD = "gnu++14";
				CLANG_CXX_LIBRARY = "libc++";
				CLANG_ENABLE_MODULES = YES;
				CLANG_ENABLE_OBJC_ARC = YES;
				CLANG_WARN_BLOCK_CAPTURE_AUTORELEASING = YES;
				CLANG_WARN_BOOL_CONVERSION = YES;
				CLANG_WARN_COMMA = YES;
				CLANG_WARN_CONSTANT_CONVERSION = YES;
				CLANG_WARN_DIRECT_OBJC_ISA_USAGE = YES_ERROR;
				CLANG_WARN_DOCUMENTATION_COMMENTS = YES;
				CLANG_WARN_EMPTY_BODY = YES;
				CLANG_WARN_ENUM_CONVERSION = YES;
				CLANG_WARN_INFINITE_RECURSION = YES;
				CLANG_WARN_INT_CONVERSION = YES;
				CLANG_WARN_NON_LITERAL_NULL_CONVERSION = YES;
				CLANG_WARN_OBJC_LITERAL_CONVERSION = YES;
				CLANG_WARN_OBJC_ROOT_CLASS = YES_ERROR;
				CLANG_WARN_RANGE_LOOP_ANALYSIS = YES;
				CLANG_WARN_STRICT_PROTOTYPES = YES;
				CLANG_WARN_SUSPICIOUS_MOVE = YES;
				CLANG_WARN_UNGUARDED_AVAILABILITY = YES_AGGRESSIVE;
				CLANG_WARN_UNREACHABLE_CODE = YES;
				CLANG_WARN__DUPLICATE_METHOD_MATCH = YES;
				CODE_SIGN_IDENTITY = "iPhone Developer";
				COPY_PHASE_STRIP = NO;
				DEBUG_INFORMATION_FORMAT = "dwarf-with-dsym";
				ENABLE_NS_ASSERTIONS = NO;
				ENABLE_STRICT_OBJC_MSGSEND = YES;
				GCC_C_LANGUAGE_STANDARD = gnu11;
				GCC_NO_COMMON_BLOCKS = YES;
				GCC_WARN_64_TO_32_BIT_CONVERSION = YES;
				GCC_WARN_ABOUT_RETURN_TYPE = YES_ERROR;
				GCC_WARN_UNDECLARED_SELECTOR = YES;
				GCC_WARN_UNINITIALIZED_AUTOS = YES_AGGRESSIVE;
				GCC_WARN_UNUSED_FUNCTION = YES;
				GCC_WARN_UNUSED_VARIABLE = YES;
				IPHONEOS_DEPLOYMENT_TARGET = 11.1;
				MTL_ENABLE_DEBUG_INFO = NO;
				SDKROOT = iphoneos;
				SWIFT_OPTIMIZATION_LEVEL = "-Owholemodule";
				VALIDATE_PRODUCT = YES;
			};
			name = Release;
		};
		2C7D5A0320152BEC00BDEFDD /* Debug */ = {
			isa = XCBuildConfiguration;
			baseConfigurationReference = A3DFAEC090DB7FD4E3FB2146 /* Pods-NumbersApplication.debug.xcconfig */;
			buildSettings = {
				ASSETCATALOG_COMPILER_APPICON_NAME = AppIcon;
				CODE_SIGN_STYLE = Automatic;
				DEVELOPMENT_TEAM = AEXXQNVE8L;
				INFOPLIST_FILE = NumbersApplication/Info.plist;
				LD_RUNPATH_SEARCH_PATHS = "$(inherited) @executable_path/Frameworks";
				PRODUCT_BUNDLE_IDENTIFIER = Kamajabu.NumbersApplication;
				PRODUCT_NAME = "$(TARGET_NAME)";
				SWIFT_VERSION = 4.0;
				TARGETED_DEVICE_FAMILY = "1,2";
			};
			name = Debug;
		};
		2C7D5A0420152BEC00BDEFDD /* Release */ = {
			isa = XCBuildConfiguration;
			baseConfigurationReference = F4EB01731925AAB2E6B17C36 /* Pods-NumbersApplication.release.xcconfig */;
			buildSettings = {
				ASSETCATALOG_COMPILER_APPICON_NAME = AppIcon;
				CODE_SIGN_STYLE = Automatic;
				DEVELOPMENT_TEAM = AEXXQNVE8L;
				INFOPLIST_FILE = NumbersApplication/Info.plist;
				LD_RUNPATH_SEARCH_PATHS = "$(inherited) @executable_path/Frameworks";
				PRODUCT_BUNDLE_IDENTIFIER = Kamajabu.NumbersApplication;
				PRODUCT_NAME = "$(TARGET_NAME)";
				SWIFT_VERSION = 4.0;
				TARGETED_DEVICE_FAMILY = "1,2";
			};
			name = Release;
		};
		2C7D5A0620152BEC00BDEFDD /* Debug */ = {
			isa = XCBuildConfiguration;
			baseConfigurationReference = 96A7F6FDB2FDC37F4D172DDC /* Pods-NumbersApplicationTests.debug.xcconfig */;
			buildSettings = {
				ALWAYS_EMBED_SWIFT_STANDARD_LIBRARIES = YES;
				BUNDLE_LOADER = "$(TEST_HOST)";
				CODE_SIGN_STYLE = Automatic;
				DEVELOPMENT_TEAM = AEXXQNVE8L;
				INFOPLIST_FILE = NumbersApplicationTests/Info.plist;
				LD_RUNPATH_SEARCH_PATHS = "$(inherited) @executable_path/Frameworks @loader_path/Frameworks";
				PRODUCT_BUNDLE_IDENTIFIER = Kamajabu.NumbersApplicationTests;
				PRODUCT_NAME = "$(TARGET_NAME)";
				SWIFT_VERSION = 4.0;
				TARGETED_DEVICE_FAMILY = "1,2";
				TEST_HOST = "$(BUILT_PRODUCTS_DIR)/NumbersApplication.app/NumbersApplication";
			};
			name = Debug;
		};
		2C7D5A0720152BEC00BDEFDD /* Release */ = {
			isa = XCBuildConfiguration;
			baseConfigurationReference = 158C07A9EDE99DFA455B5401 /* Pods-NumbersApplicationTests.release.xcconfig */;
			buildSettings = {
				ALWAYS_EMBED_SWIFT_STANDARD_LIBRARIES = YES;
				BUNDLE_LOADER = "$(TEST_HOST)";
				CODE_SIGN_STYLE = Automatic;
				DEVELOPMENT_TEAM = AEXXQNVE8L;
				INFOPLIST_FILE = NumbersApplicationTests/Info.plist;
				LD_RUNPATH_SEARCH_PATHS = "$(inherited) @executable_path/Frameworks @loader_path/Frameworks";
				PRODUCT_BUNDLE_IDENTIFIER = Kamajabu.NumbersApplicationTests;
				PRODUCT_NAME = "$(TARGET_NAME)";
				SWIFT_VERSION = 4.0;
				TARGETED_DEVICE_FAMILY = "1,2";
				TEST_HOST = "$(BUILT_PRODUCTS_DIR)/NumbersApplication.app/NumbersApplication";
			};
			name = Release;
		};
		2C7D5A0920152BEC00BDEFDD /* Debug */ = {
			isa = XCBuildConfiguration;
			baseConfigurationReference = FB7BE2B35257665D1ACC5D03 /* Pods-NumbersApplicationUITests.debug.xcconfig */;
			buildSettings = {
				ALWAYS_EMBED_SWIFT_STANDARD_LIBRARIES = YES;
				CODE_SIGN_STYLE = Automatic;
				DEVELOPMENT_TEAM = AEXXQNVE8L;
				INFOPLIST_FILE = NumbersApplicationUITests/Info.plist;
				LD_RUNPATH_SEARCH_PATHS = "$(inherited) @executable_path/Frameworks @loader_path/Frameworks";
				PRODUCT_BUNDLE_IDENTIFIER = Kamajabu.NumbersApplicationUITests;
				PRODUCT_NAME = "$(TARGET_NAME)";
				SWIFT_VERSION = 4.0;
				TARGETED_DEVICE_FAMILY = "1,2";
				TEST_TARGET_NAME = NumbersApplication;
			};
			name = Debug;
		};
		2C7D5A0A20152BEC00BDEFDD /* Release */ = {
			isa = XCBuildConfiguration;
			baseConfigurationReference = 498B51861FEC4588DDA3E1CF /* Pods-NumbersApplicationUITests.release.xcconfig */;
			buildSettings = {
				ALWAYS_EMBED_SWIFT_STANDARD_LIBRARIES = YES;
				CODE_SIGN_STYLE = Automatic;
				DEVELOPMENT_TEAM = AEXXQNVE8L;
				INFOPLIST_FILE = NumbersApplicationUITests/Info.plist;
				LD_RUNPATH_SEARCH_PATHS = "$(inherited) @executable_path/Frameworks @loader_path/Frameworks";
				PRODUCT_BUNDLE_IDENTIFIER = Kamajabu.NumbersApplicationUITests;
				PRODUCT_NAME = "$(TARGET_NAME)";
				SWIFT_VERSION = 4.0;
				TARGETED_DEVICE_FAMILY = "1,2";
				TEST_TARGET_NAME = NumbersApplication;
			};
			name = Release;
		};
/* End XCBuildConfiguration section */

/* Begin XCConfigurationList section */
		2C7D59D220152BEB00BDEFDD /* Build configuration list for PBXProject "NumbersApplication" */ = {
			isa = XCConfigurationList;
			buildConfigurations = (
				2C7D5A0020152BEC00BDEFDD /* Debug */,
				2C7D5A0120152BEC00BDEFDD /* Release */,
			);
			defaultConfigurationIsVisible = 0;
			defaultConfigurationName = Release;
		};
		2C7D5A0220152BEC00BDEFDD /* Build configuration list for PBXNativeTarget "NumbersApplication" */ = {
			isa = XCConfigurationList;
			buildConfigurations = (
				2C7D5A0320152BEC00BDEFDD /* Debug */,
				2C7D5A0420152BEC00BDEFDD /* Release */,
			);
			defaultConfigurationIsVisible = 0;
			defaultConfigurationName = Release;
		};
		2C7D5A0520152BEC00BDEFDD /* Build configuration list for PBXNativeTarget "NumbersApplicationTests" */ = {
			isa = XCConfigurationList;
			buildConfigurations = (
				2C7D5A0620152BEC00BDEFDD /* Debug */,
				2C7D5A0720152BEC00BDEFDD /* Release */,
			);
			defaultConfigurationIsVisible = 0;
			defaultConfigurationName = Release;
		};
		2C7D5A0820152BEC00BDEFDD /* Build configuration list for PBXNativeTarget "NumbersApplicationUITests" */ = {
			isa = XCConfigurationList;
			buildConfigurations = (
				2C7D5A0920152BEC00BDEFDD /* Debug */,
				2C7D5A0A20152BEC00BDEFDD /* Release */,
			);
			defaultConfigurationIsVisible = 0;
			defaultConfigurationName = Release;
		};
/* End XCConfigurationList section */

/* Begin XCVersionGroup section */
		2C7D59E120152BEB00BDEFDD /* NumbersApplication.xcdatamodeld */ = {
			isa = XCVersionGroup;
			children = (
				2C7D59E220152BEB00BDEFDD /* NumbersApplication.xcdatamodel */,
			);
			currentVersion = 2C7D59E220152BEB00BDEFDD /* NumbersApplication.xcdatamodel */;
			path = NumbersApplication.xcdatamodeld;
			sourceTree = "<group>";
			versionGroupType = wrapper.xcdatamodel;
		};
/* End XCVersionGroup section */
	};
	rootObject = 2C7D59CF20152BEB00BDEFDD /* Project object */;
}
