// !$*UTF8*$!
{
	archiveVersion = 1;
	classes = {
	};
	objectVersion = 48;
	objects = {

/* Begin PBXBuildFile section */
		2C7D59DB20152BEB00BDEFDD /* AppDelegate.swift in Sources */ = {isa = PBXBuildFile; fileRef = 2C7D59DA20152BEB00BDEFDD /* AppDelegate.swift */; };
		2C7D59DD20152BEB00BDEFDD /* ViewController.swift in Sources */ = {isa = PBXBuildFile; fileRef = 2C7D59DC20152BEB00BDEFDD /* ViewController.swift */; };
		2C7D59E020152BEB00BDEFDD /* Main.storyboard in Resources */ = {isa = PBXBuildFile; fileRef = 2C7D59DE20152BEB00BDEFDD /* Main.storyboard */; };
		2C7D59E320152BEB00BDEFDD /* NumbersApplication.xcdatamodeld in Sources */ = {isa = PBXBuildFile; fileRef = 2C7D59E120152BEB00BDEFDD /* NumbersApplication.xcdatamodeld */; };
		2C7D59E520152BEB00BDEFDD /* Assets.xcassets in Resources */ = {isa = PBXBuildFile; fileRef = 2C7D59E420152BEB00BDEFDD /* Assets.xcassets */; };
		2C7D59E820152BEB00BDEFDD /* LaunchScreen.storyboard in Resources */ = {isa = PBXBuildFile; fileRef = 2C7D59E620152BEB00BDEFDD /* LaunchScreen.storyboard */; };
		2C7D59F320152BEC00BDEFDD /* NumbersApplicationTests.swift in Sources */ = {isa = PBXBuildFile; fileRef = 2C7D59F220152BEC00BDEFDD /* NumbersApplicationTests.swift */; };
		2C7D59FE20152BEC00BDEFDD /* NumbersApplicationUITests.swift in Sources */ = {isa = PBXBuildFile; fileRef = 2C7D59FD20152BEC00BDEFDD /* NumbersApplicationUITests.swift */; };
		B29F80EBCEE50A37BE500386 /* Pods_NumbersApplicationUITests.framework in Frameworks */ = {isa = PBXBuildFile; fileRef = 8DBCFE6120EFC6C7575AEE13 /* Pods_NumbersApplicationUITests.framework */; };
		D210B2BA4CDC20D3509F6E91 /* Pods_NumbersApplication.framework in Frameworks */ = {isa = PBXBuildFile; fileRef = 3F0418AF9313B5339CE85118 /* Pods_NumbersApplication.framework */; };
		E85A66C1DFBC7796C6D5089E /* Pods_NumbersApplicationTests.framework in Frameworks */ = {isa = PBXBuildFile; fileRef = D2F7272BE475EF6223DC1947 /* Pods_NumbersApplicationTests.framework */; };
/* End PBXBuildFile section */

/* Begin PBXContainerItemProxy section */
		2C7D59EF20152BEC00BDEFDD /* PBXContainerItemProxy */ = {
			isa = PBXContainerItemProxy;
			containerPortal = 2C7D59CF20152BEB00BDEFDD /* Project object */;
			proxyType = 1;
			remoteGlobalIDString = 2C7D59D620152BEB00BDEFDD;
			remoteInfo = NumbersApplication;
		};
		2C7D59FA20152BEC00BDEFDD /* PBXContainerItemProxy */ = {
			isa = PBXContainerItemProxy;
			containerPortal = 2C7D59CF20152BEB00BDEFDD /* Project object */;
			proxyType = 1;
			remoteGlobalIDString = 2C7D59D620152BEB00BDEFDD;
			remoteInfo = NumbersApplication;
		};
/* End PBXContainerItemProxy section */

/* Begin PBXFileReference section */
		158C07A9EDE99DFA455B5401 /* Pods-NumbersApplicationTests.release.xcconfig */ = {isa = PBXFileReference; includeInIndex = 1; lastKnownFileType = text.xcconfig; name = "Pods-NumbersApplicationTests.release.xcconfig"; path = "Pods/Target Support Files/Pods-NumbersApplicationTests/Pods-NumbersApplicationTests.release.xcconfig"; sourceTree = "<group>"; };
		2C7D59D720152BEB00BDEFDD /* NumbersApplication.app */ = {isa = PBXFileReference; explicitFileType = wrapper.application; includeInIndex = 0; path = NumbersApplication.app; sourceTree = BUILT_PRODUCTS_DIR; };
		2C7D59DA20152BEB00BDEFDD /* AppDelegate.swift */ = {isa = PBXFileReference; lastKnownFileType = sourcecode.swift; path = AppDelegate.swift; sourceTree = "<group>"; };
		2C7D59DC20152BEB00BDEFDD /* ViewController.swift */ = {isa = PBXFileReference; lastKnownFileType = sourcecode.swift; path = ViewController.swift; sourceTree = "<group>"; };
		2C7D59DF20152BEB00BDEFDD /* Base */ = {isa = PBXFileReference; lastKnownFileType = file.storyboard; name = Base; path = Base.lproj/Main.storyboard; sourceTree = "<group>"; };
		2C7D59E220152BEB00BDEFDD /* NumbersApplication.xcdatamodel */ = {isa = PBXFileReference; lastKnownFileType = wrapper.xcdatamodel; path = NumbersApplication.xcdatamodel; sourceTree = "<group>"; };
		2C7D59E420152BEB00BDEFDD /* Assets.xcassets */ = {isa = PBXFileReference; lastKnownFileType = folder.assetcatalog; path = Assets.xcassets; sourceTree = "<group>"; };
		2C7D59E720152BEB00BDEFDD /* Base */ = {isa = PBXFileReference; lastKnownFileType = file.storyboard; name = Base; path = Base.lproj/LaunchScreen.storyboard; sourceTree = "<group>"; };
		2C7D59E920152BEB00BDEFDD /* Info.plist */ = {isa = PBXFileReference; lastKnownFileType = text.plist.xml; path = Info.plist; sourceTree = "<group>"; };
		2C7D59EE20152BEC00BDEFDD /* NumbersApplicationTests.xctest */ = {isa = PBXFileReference; explicitFileType = wrapper.cfbundle; includeInIndex = 0; path = NumbersApplicationTests.xctest; sourceTree = BUILT_PRODUCTS_DIR; };
		2C7D59F220152BEC00BDEFDD /* NumbersApplicationTests.swift */ = {isa = PBXFileReference; lastKnownFileType = sourcecode.swift; path = NumbersApplicationTests.swift; sourceTree = "<group>"; };
		2C7D59F420152BEC00BDEFDD /* Info.plist */ = {isa = PBXFileReference; lastKnownFileType = text.plist.xml; path = Info.plist; sourceTree = "<group>"; };
		2C7D59F920152BEC00BDEFDD /* NumbersApplicationUITests.xctest */ = {isa = PBXFileReference; explicitFileType = wrapper.cfbundle; includeInIndex = 0; path = NumbersApplicationUITests.xctest; sourceTree = BUILT_PRODUCTS_DIR; };
		2C7D59FD20152BEC00BDEFDD /* NumbersApplicationUITests.swift */ = {isa = PBXFileReference; lastKnownFileType = sourcecode.swift; path = NumbersApplicationUITests.swift; sourceTree = "<group>"; };
		2C7D59FF20152BEC00BDEFDD /* Info.plist */ = {isa = PBXFileReference; lastKnownFileType = text.plist.xml; path = Info.plist; sourceTree = "<group>"; };
		3F0418AF9313B5339CE85118 /* Pods_NumbersApplication.framework */ = {isa = PBXFileReference; explicitFileType = wrapper.framework; includeInIndex = 0; path = Pods_NumbersApplication.framework; sourceTree = BUILT_PRODUCTS_DIR; };
		498B51861FEC4588DDA3E1CF /* Pods-NumbersApplicationUITests.release.xcconfig */ = {isa = PBXFileReference; includeInIndex = 1; lastKnownFileType = text.xcconfig; name = "Pods-NumbersApplicationUITests.release.xcconfig"; path = "Pods/Target Support Files/Pods-NumbersApplicationUITests/Pods-NumbersApplicationUITests.release.xcconfig"; sourceTree = "<group>"; };
		8DBCFE6120EFC6C7575AEE13 /* Pods_NumbersApplicationUITests.framework */ = {isa = PBXFileReference; explicitFileType = wrapper.framework; includeInIndex = 0; path = Pods_NumbersApplicationUITests.framework; sourceTree = BUILT_PRODUCTS_DIR; };
		96A7F6FDB2FDC37F4D172DDC /* Pods-NumbersApplicationTests.debug.xcconfig */ = {isa = PBXFileReference; includeInIndex = 1; lastKnownFileType = text.xcconfig; name = "Pods-NumbersApplicationTests.debug.xcconfig"; path = "Pods/Target Support Files/Pods-NumbersApplicationTests/Pods-NumbersApplicationTests.debug.xcconfig"; sourceTree = "<group>"; };
		A3DFAEC090DB7FD4E3FB2146 /* Pods-NumbersApplication.debug.xcconfig */ = {isa = PBXFileReference; includeInIndex = 1; lastKnownFileType = text.xcconfig; name = "Pods-NumbersApplication.debug.xcconfig"; path = "Pods/Target Support Files/Pods-NumbersApplication/Pods-NumbersApplication.debug.xcconfig"; sourceTree = "<group>"; };
		D2F7272BE475EF6223DC1947 /* Pods_NumbersApplicationTests.framework */ = {isa = PBXFileReference; explicitFileType = wrapper.framework; includeInIndex = 0; path = Pods_NumbersApplicationTests.framework; sourceTree = BUILT_PRODUCTS_DIR; };
		F4EB01731925AAB2E6B17C36 /* Pods-NumbersApplication.release.xcconfig */ = {isa = PBXFileReference; includeInIndex = 1; lastKnownFileType = text.xcconfig; name = "Pods-NumbersApplication.release.xcconfig"; path = "Pods/Target Support Files/Pods-NumbersApplication/Pods-NumbersApplication.release.xcconfig"; sourceTree = "<group>"; };
		FB7BE2B35257665D1ACC5D03 /* Pods-NumbersApplicationUITests.debug.xcconfig */ = {isa = PBXFileReference; includeInIndex = 1; lastKnownFileType = text.xcconfig; name = "Pods-NumbersApplicationUITests.debug.xcconfig"; path = "Pods/Target Support Files/Pods-NumbersApplicationUITests/Pods-NumbersApplicationUITests.debug.xcconfig"; sourceTree = "<group>"; };
/* End PBXFileReference section */

/* Begin PBXFrameworksBuildPhase section */
		2C7D59D420152BEB00BDEFDD /* Frameworks */ = {
			isa = PBXFrameworksBuildPhase;
			buildActionMask = 2147483647;
			files = (
				D210B2BA4CDC20D3509F6E91 /* Pods_NumbersApplication.framework in Frameworks */,
			);
			runOnlyForDeploymentPostprocessing = 0;
		};
		2C7D59EB20152BEC00BDEFDD /* Frameworks */ = {
			isa = PBXFrameworksBuildPhase;
			buildActionMask = 2147483647;
			files = (
				E85A66C1DFBC7796C6D5089E /* Pods_NumbersApplicationTests.framework in Frameworks */,
			);
			runOnlyForDeploymentPostprocessing = 0;
		};
		2C7D59F620152BEC00BDEFDD /* Frameworks */ = {
			isa = PBXFrameworksBuildPhase;
			buildActionMask = 2147483647;
			files = (
				B29F80EBCEE50A37BE500386 /* Pods_NumbersApplicationUITests.framework in Frameworks */,
			);
			runOnlyForDeploymentPostprocessing = 0;
		};
/* End PBXFrameworksBuildPhase section */

/* Begin PBXGroup section */
		159E9BE573D93AC5A3499F7A /* Pods */ = {
			isa = PBXGroup;
			children = (
				A3DFAEC090DB7FD4E3FB2146 /* Pods-NumbersApplication.debug.xcconfig */,
				F4EB01731925AAB2E6B17C36 /* Pods-NumbersApplication.release.xcconfig */,
				96A7F6FDB2FDC37F4D172DDC /* Pods-NumbersApplicationTests.debug.xcconfig */,
				158C07A9EDE99DFA455B5401 /* Pods-NumbersApplicationTests.release.xcconfig */,
				FB7BE2B35257665D1ACC5D03 /* Pods-NumbersApplicationUITests.debug.xcconfig */,
				498B51861FEC4588DDA3E1CF /* Pods-NumbersApplicationUITests.release.xcconfig */,
			);
			name = Pods;
			sourceTree = "<group>";
		};
		2C7D59CE20152BEB00BDEFDD = {
			isa = PBXGroup;
			children = (
				2C7D59D920152BEB00BDEFDD /* NumbersApplication */,
				2C7D59F120152BEC00BDEFDD /* NumbersApplicationTests */,
				2C7D59FC20152BEC00BDEFDD /* NumbersApplicationUITests */,
				2C7D59D820152BEB00BDEFDD /* Products */,
				159E9BE573D93AC5A3499F7A /* Pods */,
				4A419BB9CF96FFFA2AD7C435 /* Frameworks */,
			);
			sourceTree = "<group>";
		};
		2C7D59D820152BEB00BDEFDD /* Products */ = {
			isa = PBXGroup;
			children = (
				2C7D59D720152BEB00BDEFDD /* NumbersApplication.app */,
				2C7D59EE20152BEC00BDEFDD /* NumbersApplicationTests.xctest */,
				2C7D59F920152BEC00BDEFDD /* NumbersApplicationUITests.xctest */,
			);
			name = Products;
			sourceTree = "<group>";
		};
		2C7D59D920152BEB00BDEFDD /* NumbersApplication */ = {
			isa = PBXGroup;
			children = (
				2C7D59DA20152BEB00BDEFDD /* AppDelegate.swift */,
				2C7D59DC20152BEB00BDEFDD /* ViewController.swift */,
				2C7D59DE20152BEB00BDEFDD /* Main.storyboard */,
				2C7D59E420152BEB00BDEFDD /* Assets.xcassets */,
				2C7D59E620152BEB00BDEFDD /* LaunchScreen.storyboard */,
				2C7D59E920152BEB00BDEFDD /* Info.plist */,
				2C7D59E120152BEB00BDEFDD /* NumbersApplication.xcdatamodeld */,
			);
			path = NumbersApplication;
			sourceTree = "<group>";
		};
		2C7D59F120152BEC00BDEFDD /* NumbersApplicationTests */ = {
			isa = PBXGroup;
			children = (
				2C7D59F220152BEC00BDEFDD /* NumbersApplicationTests.swift */,
				2C7D59F420152BEC00BDEFDD /* Info.plist */,
			);
			path = NumbersApplicationTests;
			sourceTree = "<group>";
		};
		2C7D59FC20152BEC00BDEFDD /* NumbersApplicationUITests */ = {
			isa = PBXGroup;
			children = (
				2C7D59FD20152BEC00BDEFDD /* NumbersApplicationUITests.swift */,
				2C7D59FF20152BEC00BDEFDD /* Info.plist */,
			);
			path = NumbersApplicationUITests;
			sourceTree = "<group>";
		};
		4A419BB9CF96FFFA2AD7C435 /* Frameworks */ = {
			isa = PBXGroup;
			children = (
				3F0418AF9313B5339CE85118 /* Pods_NumbersApplication.framework */,
				D2F7272BE475EF6223DC1947 /* Pods_NumbersApplicationTests.framework */,
				8DBCFE6120EFC6C7575AEE13 /* Pods_NumbersApplicationUITests.framework */,
			);
			name = Frameworks;
			sourceTree = "<group>";
		};
/* End PBXGroup section */

/* Begin PBXNativeTarget section */
		2C7D59D620152BEB00BDEFDD /* NumbersApplication */ = {
			isa = PBXNativeTarget;
			buildConfigurationList = 2C7D5A0220152BEC00BDEFDD /* Build configuration list for PBXNativeTarget "NumbersApplication" */;
			buildPhases = (
				0ACF0F336EE7D13A38EC6A0D /* [CP] Check Pods Manifest.lock */,
				2C7D59D320152BEB00BDEFDD /* Sources */,
				2C7D59D420152BEB00BDEFDD /* Frameworks */,
				2C7D59D520152BEB00BDEFDD /* Resources */,
				58DE6594E9F3837132879339 /* [CP] Embed Pods Frameworks */,
				35FB8FB32ED64BE051E86172 /* [CP] Copy Pods Resources */,
			);
			buildRules = (
			);
			dependencies = (
			);
			name = NumbersApplication;
			productName = NumbersApplication;
			productReference = 2C7D59D720152BEB00BDEFDD /* NumbersApplication.app */;
			productType = "com.apple.product-type.application";
		};
		2C7D59ED20152BEC00BDEFDD /* NumbersApplicationTests */ = {
			isa = PBXNativeTarget;
			buildConfigurationList = 2C7D5A0520152BEC00BDEFDD /* Build configuration list for PBXNativeTarget "NumbersApplicationTests" */;
			buildPhases = (
				63EB55890F187D060AFAF0B5 /* [CP] Check Pods Manifest.lock */,
				2C7D59EA20152BEC00BDEFDD /* Sources */,
				2C7D59EB20152BEC00BDEFDD /* Frameworks */,
				2C7D59EC20152BEC00BDEFDD /* Resources */,
				95F7B82AE454B0FD396FA9EF /* [CP] Embed Pods Frameworks */,
				5DFE2E71682A2E71CCC3B105 /* [CP] Copy Pods Resources */,
			);
			buildRules = (
			);
			dependencies = (
				2C7D59F020152BEC00BDEFDD /* PBXTargetDependency */,
			);
			name = NumbersApplicationTests;
			productName = NumbersApplicationTests;
			productReference = 2C7D59EE20152BEC00BDEFDD /* NumbersApplicationTests.xctest */;
			productType = "com.apple.product-type.bundle.unit-test";
		};
		2C7D59F820152BEC00BDEFDD /* NumbersApplicationUITests */ = {
			isa = PBXNativeTarget;
			buildConfigurationList = 2C7D5A0820152BEC00BDEFDD /* Build configuration list for PBXNativeTarget "NumbersApplicationUITests" */;
			buildPhases = (
				0619ADEBD001650CD8A6E9C2 /* [CP] Check Pods Manifest.lock */,
				2C7D59F520152BEC00BDEFDD /* Sources */,
				2C7D59F620152BEC00BDEFDD /* Frameworks */,
				2C7D59F720152BEC00BDEFDD /* Resources */,
				0E867ECA0259CA8877D4B740 /* [CP] Embed Pods Frameworks */,
				8A7FDAC5CF5336482AE5C4BF /* [CP] Copy Pods Resources */,
			);
			buildRules = (
			);
			dependencies = (
				2C7D59FB20152BEC00BDEFDD /* PBXTargetDependency */,
			);
			name = NumbersApplicationUITests;
			productName = NumbersApplicationUITests;
			productReference = 2C7D59F920152BEC00BDEFDD /* NumbersApplicationUITests.xctest */;
			productType = "com.apple.product-type.bundle.ui-testing";
		};
/* End PBXNativeTarget section */

/* Begin PBXProject section */
		2C7D59CF20152BEB00BDEFDD /* Project object */ = {
			isa = PBXProject;
			attributes = {
				LastSwiftUpdateCheck = 0910;
				LastUpgradeCheck = 0910;
				ORGANIZATIONNAME = Kamajabu;
				TargetAttributes = {
					2C7D59D620152BEB00BDEFDD = {
						CreatedOnToolsVersion = 9.1;
						ProvisioningStyle = Automatic;
					};
					2C7D59ED20152BEC00BDEFDD = {
						CreatedOnToolsVersion = 9.1;
						ProvisioningStyle = Automatic;
						TestTargetID = 2C7D59D620152BEB00BDEFDD;
					};
					2C7D59F820152BEC00BDEFDD = {
						CreatedOnToolsVersion = 9.1;
						ProvisioningStyle = Automatic;
						TestTargetID = 2C7D59D620152BEB00BDEFDD;
					};
				};
			};
			buildConfigurationList = 2C7D59D220152BEB00BDEFDD /* Build configuration list for PBXProject "NumbersApplication" */;
			compatibilityVersion = "Xcode 8.0";
			developmentRegion = en;
			hasScannedForEncodings = 0;
			knownRegions = (
				en,
				Base,
			);
			mainGroup = 2C7D59CE20152BEB00BDEFDD;
			productRefGroup = 2C7D59D820152BEB00BDEFDD /* Products */;
			projectDirPath = "";
			projectRoot = "";
			targets = (
				2C7D59D620152BEB00BDEFDD /* NumbersApplication */,
				2C7D59ED20152BEC00BDEFDD /* NumbersApplicationTests */,
				2C7D59F820152BEC00BDEFDD /* NumbersApplicationUITests */,
			);
		};
/* End PBXProject section */

/* Begin PBXResourcesBuildPhase section */
		2C7D59D520152BEB00BDEFDD /* Resources */ = {
			isa = PBXResourcesBuildPhase;
			buildActionMask = 2147483647;
			files = (
				2C7D59E820152BEB00BDEFDD /* LaunchScreen.storyboard in Resources */,
				2C7D59E520152BEB00BDEFDD /* Assets.xcassets in Resources */,
				2C7D59E020152BEB00BDEFDD /* Main.storyboard in Resources */,
			);
			runOnlyForDeploymentPostprocessing = 0;
		};
		2C7D59EC20152BEC00BDEFDD /* Resources */ = {
			isa = PBXResourcesBuildPhase;
			buildActionMask = 2147483647;
			files = (
			);
			runOnlyForDeploymentPostprocessing = 0;
		};
		2C7D59F720152BEC00BDEFDD /* Resources */ = {
			isa = PBXResourcesBuildPhase;
			buildActionMask = 2147483647;
			files = (
			);
			runOnlyForDeploymentPostprocessing = 0;
		};
/* End PBXResourcesBuildPhase section */

/* Begin PBXShellScriptBuildPhase section */
		0619ADEBD001650CD8A6E9C2 /* [CP] Check Pods Manifest.lock */ = {
			isa = PBXShellScriptBuildPhase;
			buildActionMask = 2147483647;
			files = (
			);
			inputPaths = (
			);
			name = "[CP] Check Pods Manifest.lock";
			outputPaths = (
			);
			runOnlyForDeploymentPostprocessing = 0;
			shellPath = /bin/sh;
			shellScript = "diff \"${PODS_ROOT}/../Podfile.lock\" \"${PODS_ROOT}/Manifest.lock\" > /dev/null\nif [ $? != 0 ] ; then\n    # print error to STDERR\n    echo \"error: The sandbox is not in sync with the Podfile.lock. Run 'pod install' or update your CocoaPods installation.\" >&2\n    exit 1\nfi\n";
			showEnvVarsInLog = 0;
		};
		0ACF0F336EE7D13A38EC6A0D /* [CP] Check Pods Manifest.lock */ = {
			isa = PBXShellScriptBuildPhase;
			buildActionMask = 2147483647;
			files = (
			);
			inputPaths = (
			);
			name = "[CP] Check Pods Manifest.lock";
			outputPaths = (
			);
			runOnlyForDeploymentPostprocessing = 0;
			shellPath = /bin/sh;
			shellScript = "diff \"${PODS_ROOT}/../Podfile.lock\" \"${PODS_ROOT}/Manifest.lock\" > /dev/null\nif [ $? != 0 ] ; then\n    # print error to STDERR\n    echo \"error: The sandbox is not in sync with the Podfile.lock. Run 'pod install' or update your CocoaPods installation.\" >&2\n    exit 1\nfi\n";
			showEnvVarsInLog = 0;
		};
		0E867ECA0259CA8877D4B740 /* [CP] Embed Pods Frameworks */ = {
			isa = PBXShellScriptBuildPhase;
			buildActionMask = 2147483647;
			files = (
			);
			inputPaths = (
			);
			name = "[CP] Embed Pods Frameworks";
			outputPaths = (
			);
			runOnlyForDeploymentPostprocessing = 0;
			shellPath = /bin/sh;
			shellScript = "\"${SRCROOT}/Pods/Target Support Files/Pods-NumbersApplicationUITests/Pods-NumbersApplicationUITests-frameworks.sh\"\n";
			showEnvVarsInLog = 0;
		};
		35FB8FB32ED64BE051E86172 /* [CP] Copy Pods Resources */ = {
			isa = PBXShellScriptBuildPhase;
			buildActionMask = 2147483647;
			files = (
			);
			inputPaths = (
			);
			name = "[CP] Copy Pods Resources";
			outputPaths = (
			);
			runOnlyForDeploymentPostprocessing = 0;
			shellPath = /bin/sh;
			shellScript = "\"${SRCROOT}/Pods/Target Support Files/Pods-NumbersApplication/Pods-NumbersApplication-resources.sh\"\n";
			showEnvVarsInLog = 0;
		};
		58DE6594E9F3837132879339 /* [CP] Embed Pods Frameworks */ = {
			isa = PBXShellScriptBuildPhase;
			buildActionMask = 2147483647;
			files = (
			);
			inputPaths = (
			);
			name = "[CP] Embed Pods Frameworks";
			outputPaths = (
			);
			runOnlyForDeploymentPostprocessing = 0;
			shellPath = /bin/sh;
			shellScript = "\"${SRCROOT}/Pods/Target Support Files/Pods-NumbersApplication/Pods-NumbersApplication-frameworks.sh\"\n";
			showEnvVarsInLog = 0;
		};
		5DFE2E71682A2E71CCC3B105 /* [CP] Copy Pods Resources */ = {
			isa = PBXShellScriptBuildPhase;
			buildActionMask = 2147483647;
			files = (
			);
			inputPaths = (
			);
			name = "[CP] Copy Pods Resources";
			outputPaths = (
			);
			runOnlyForDeploymentPostprocessing = 0;
			shellPath = /bin/sh;
			shellScript = "\"${SRCROOT}/Pods/Target Support Files/Pods-NumbersApplicationTests/Pods-NumbersApplicationTests-resources.sh\"\n";
			showEnvVarsInLog = 0;
		};
		63EB55890F187D060AFAF0B5 /* [CP] Check Pods Manifest.lock */ = {
			isa = PBXShellScriptBuildPhase;
			buildActionMask = 2147483647;
			files = (
			);
			inputPaths = (
			);
			name = "[CP] Check Pods Manifest.lock";
			outputPaths = (
			);
			runOnlyForDeploymentPostprocessing = 0;
			shellPath = /bin/sh;
			shellScript = "diff \"${PODS_ROOT}/../Podfile.lock\" \"${PODS_ROOT}/Manifest.lock\" > /dev/null\nif [ $? != 0 ] ; then\n    # print error to STDERR\n    echo \"error: The sandbox is not in sync with the Podfile.lock. Run 'pod install' or update your CocoaPods installation.\" >&2\n    exit 1\nfi\n";
			showEnvVarsInLog = 0;
		};
		8A7FDAC5CF5336482AE5C4BF /* [CP] Copy Pods Resources */ = {
			isa = PBXShellScriptBuildPhase;
			buildActionMask = 2147483647;
			files = (
			);
			inputPaths = (
			);
			name = "[CP] Copy Pods Resources";
			outputPaths = (
			);
			runOnlyForDeploymentPostprocessing = 0;
			shellPath = /bin/sh;
			shellScript = "\"${SRCROOT}/Pods/Target Support Files/Pods-NumbersApplicationUITests/Pods-NumbersApplicationUITests-resources.sh\"\n";
			showEnvVarsInLog = 0;
		};
		95F7B82AE454B0FD396FA9EF /* [CP] Embed Pods Frameworks */ = {
			isa = PBXShellScriptBuildPhase;
			buildActionMask = 2147483647;
			files = (
			);
			inputPaths = (
			);
			name = "[CP] Embed Pods Frameworks";
			outputPaths = (
			);
			runOnlyForDeploymentPostprocessing = 0;
			shellPath = /bin/sh;
			shellScript = "\"${SRCROOT}/Pods/Target Support Files/Pods-NumbersApplicationTests/Pods-NumbersApplicationTests-frameworks.sh\"\n";
			showEnvVarsInLog = 0;
		};
/* End PBXShellScriptBuildPhase section */

/* Begin PBXSourcesBuildPhase section */
		2C7D59D320152BEB00BDEFDD /* Sources */ = {
			isa = PBXSourcesBuildPhase;
			buildActionMask = 2147483647;
			files = (
				2C7D59DD20152BEB00BDEFDD /* ViewController.swift in Sources */,
				2C7D59E320152BEB00BDEFDD /* NumbersApplication.xcdatamodeld in Sources */,
				2C7D59DB20152BEB00BDEFDD /* AppDelegate.swift in Sources */,
			);
			runOnlyForDeploymentPostprocessing = 0;
		};
		2C7D59EA20152BEC00BDEFDD /* Sources */ = {
			isa = PBXSourcesBuildPhase;
			buildActionMask = 2147483647;
			files = (
				2C7D59F320152BEC00BDEFDD /* NumbersApplicationTests.swift in Sources */,
			);
			runOnlyForDeploymentPostprocessing = 0;
		};
		2C7D59F520152BEC00BDEFDD /* Sources */ = {
			isa = PBXSourcesBuildPhase;
			buildActionMask = 2147483647;
			files = (
				2C7D59FE20152BEC00BDEFDD /* NumbersApplicationUITests.swift in Sources */,
			);
			runOnlyForDeploymentPostprocessing = 0;
		};
/* End PBXSourcesBuildPhase section */

/* Begin PBXTargetDependency section */
		2C7D59F020152BEC00BDEFDD /* PBXTargetDependency */ = {
			isa = PBXTargetDependency;
			target = 2C7D59D620152BEB00BDEFDD /* NumbersApplication */;
			targetProxy = 2C7D59EF20152BEC00BDEFDD /* PBXContainerItemProxy */;
		};
		2C7D59FB20152BEC00BDEFDD /* PBXTargetDependency */ = {
			isa = PBXTargetDependency;
			target = 2C7D59D620152BEB00BDEFDD /* NumbersApplication */;
			targetProxy = 2C7D59FA20152BEC00BDEFDD /* PBXContainerItemProxy */;
		};
/* End PBXTargetDependency section */

/* Begin PBXVariantGroup section */
		2C7D59DE20152BEB00BDEFDD /* Main.storyboard */ = {
			isa = PBXVariantGroup;
			children = (
				2C7D59DF20152BEB00BDEFDD /* Base */,
			);
			name = Main.storyboard;
			sourceTree = "<group>";
		};
		2C7D59E620152BEB00BDEFDD /* LaunchScreen.storyboard */ = {
			isa = PBXVariantGroup;
			children = (
				2C7D59E720152BEB00BDEFDD /* Base */,
			);
			name = LaunchScreen.storyboard;
			sourceTree = "<group>";
		};
/* End PBXVariantGroup section */

/* Begin XCBuildConfiguration section */
		2C7D5A0020152BEC00BDEFDD /* Debug */ = {
			isa = XCBuildConfiguration;
			buildSettings = {
				ALWAYS_SEARCH_USER_PATHS = NO;
				CLANG_ANALYZER_NONNULL = YES;
				CLANG_ANALYZER_NUMBER_OBJECT_CONVERSION = YES_AGGRESSIVE;
				CLANG_CXX_LANGUAGE_STANDARD = "gnu++14";
				CLANG_CXX_LIBRARY = "libc++";
				CLANG_ENABLE_MODULES = YES;
				CLANG_ENABLE_OBJC_ARC = YES;
				CLANG_WARN_BLOCK_CAPTURE_AUTORELEASING = YES;
				CLANG_WARN_BOOL_CONVERSION = YES;
				CLANG_WARN_COMMA = YES;
				CLANG_WARN_CONSTANT_CONVERSION = YES;
				CLANG_WARN_DIRECT_OBJC_ISA_USAGE = YES_ERROR;
				CLANG_WARN_DOCUMENTATION_COMMENTS = YES;
				CLANG_WARN_EMPTY_BODY = YES;
				CLANG_WARN_ENUM_CONVERSION = YES;
				CLANG_WARN_INFINITE_RECURSION = YES;
				CLANG_WARN_INT_CONVERSION = YES;
				CLANG_WARN_NON_LITERAL_NULL_CONVERSION = YES;
				CLANG_WARN_OBJC_LITERAL_CONVERSION = YES;
				CLANG_WARN_OBJC_ROOT_CLASS = YES_ERROR;
				CLANG_WARN_RANGE_LOOP_ANALYSIS = YES;
				CLANG_WARN_STRICT_PROTOTYPES = YES;
				CLANG_WARN_SUSPICIOUS_MOVE = YES;
				CLANG_WARN_UNGUARDED_AVAILABILITY = YES_AGGRESSIVE;
				CLANG_WARN_UNREACHABLE_CODE = YES;
				CLANG_WARN__DUPLICATE_METHOD_MATCH = YES;
				CODE_SIGN_IDENTITY = "iPhone Developer";
				COPY_PHASE_STRIP = NO;
				DEBUG_INFORMATION_FORMAT = dwarf;
				ENABLE_STRICT_OBJC_MSGSEND = YES;
				ENABLE_TESTABILITY = YES;
				GCC_C_LANGUAGE_STANDARD = gnu11;
				GCC_DYNAMIC_NO_PIC = NO;
				GCC_NO_COMMON_BLOCKS = YES;
				GCC_OPTIMIZATION_LEVEL = 0;
				GCC_PREPROCESSOR_DEFINITIONS = (
					"DEBUG=1",
					"$(inherited)",
				);
				GCC_WARN_64_TO_32_BIT_CONVERSION = YES;
				GCC_WARN_ABOUT_RETURN_TYPE = YES_ERROR;
				GCC_WARN_UNDECLARED_SELECTOR = YES;
				GCC_WARN_UNINITIALIZED_AUTOS = YES_AGGRESSIVE;
				GCC_WARN_UNUSED_FUNCTION = YES;
				GCC_WARN_UNUSED_VARIABLE = YES;
				IPHONEOS_DEPLOYMENT_TARGET = 11.1;
				MTL_ENABLE_DEBUG_INFO = YES;
				ONLY_ACTIVE_ARCH = YES;
				SDKROOT = iphoneos;
				SWIFT_ACTIVE_COMPILATION_CONDITIONS = DEBUG;
				SWIFT_OPTIMIZATION_LEVEL = "-Onone";
			};
			name = Debug;
		};
		2C7D5A0120152BEC00BDEFDD /* Release */ = {
			isa = XCBuildConfiguration;
			buildSettings = {
				ALWAYS_SEARCH_USER_PATHS = NO;
				CLANG_ANALYZER_NONNULL = YES;
				CLANG_ANALYZER_NUMBER_OBJECT_CONVERSION = YES_AGGRESSIVE;
				CLANG_CXX_LANGUAGE_STANDARD = "gnu++14";
				CLANG_CXX_LIBRARY = "libc++";
				CLANG_ENABLE_MODULES = YES;
				CLANG_ENABLE_OBJC_ARC = YES;
				CLANG_WARN_BLOCK_CAPTURE_AUTORELEASING = YES;
				CLANG_WARN_BOOL_CONVERSION = YES;
				CLANG_WARN_COMMA = YES;
				CLANG_WARN_CONSTANT_CONVERSION = YES;
				CLANG_WARN_DIRECT_OBJC_ISA_USAGE = YES_ERROR;
				CLANG_WARN_DOCUMENTATION_COMMENTS = YES;
				CLANG_WARN_EMPTY_BODY = YES;
				CLANG_WARN_ENUM_CONVERSION = YES;
				CLANG_WARN_INFINITE_RECURSION = YES;
				CLANG_WARN_INT_CONVERSION = YES;
				CLANG_WARN_NON_LITERAL_NULL_CONVERSION = YES;
				CLANG_WARN_OBJC_LITERAL_CONVERSION = YES;
				CLANG_WARN_OBJC_ROOT_CLASS = YES_ERROR;
				CLANG_WARN_RANGE_LOOP_ANALYSIS = YES;
				CLANG_WARN_STRICT_PROTOTYPES = YES;
				CLANG_WARN_SUSPICIOUS_MOVE = YES;
				CLANG_WARN_UNGUARDED_AVAILABILITY = YES_AGGRESSIVE;
				CLANG_WARN_UNREACHABLE_CODE = YES;
				CLANG_WARN__DUPLICATE_METHOD_MATCH = YES;
				CODE_SIGN_IDENTITY = "iPhone Developer";
				COPY_PHASE_STRIP = NO;
				DEBUG_INFORMATION_FORMAT = "dwarf-with-dsym";
				ENABLE_NS_ASSERTIONS = NO;
				ENABLE_STRICT_OBJC_MSGSEND = YES;
				GCC_C_LANGUAGE_STANDARD = gnu11;
				GCC_NO_COMMON_BLOCKS = YES;
				GCC_WARN_64_TO_32_BIT_CONVERSION = YES;
				GCC_WARN_ABOUT_RETURN_TYPE = YES_ERROR;
				GCC_WARN_UNDECLARED_SELECTOR = YES;
				GCC_WARN_UNINITIALIZED_AUTOS = YES_AGGRESSIVE;
				GCC_WARN_UNUSED_FUNCTION = YES;
				GCC_WARN_UNUSED_VARIABLE = YES;
				IPHONEOS_DEPLOYMENT_TARGET = 11.1;
				MTL_ENABLE_DEBUG_INFO = NO;
				SDKROOT = iphoneos;
				SWIFT_OPTIMIZATION_LEVEL = "-Owholemodule";
				VALIDATE_PRODUCT = YES;
			};
			name = Release;
		};
		2C7D5A0320152BEC00BDEFDD /* Debug */ = {
			isa = XCBuildConfiguration;
			baseConfigurationReference = A3DFAEC090DB7FD4E3FB2146 /* Pods-NumbersApplication.debug.xcconfig */;
			buildSettings = {
				ASSETCATALOG_COMPILER_APPICON_NAME = AppIcon;
				CODE_SIGN_STYLE = Automatic;
				DEVELOPMENT_TEAM = AEXXQNVE8L;
				INFOPLIST_FILE = NumbersApplication/Info.plist;
				LD_RUNPATH_SEARCH_PATHS = "$(inherited) @executable_path/Frameworks";
				PRODUCT_BUNDLE_IDENTIFIER = Kamajabu.NumbersApplication;
				PRODUCT_NAME = "$(TARGET_NAME)";
				SWIFT_VERSION = 4.0;
				TARGETED_DEVICE_FAMILY = "1,2";
			};
			name = Debug;
		};
		2C7D5A0420152BEC00BDEFDD /* Release */ = {
			isa = XCBuildConfiguration;
			baseConfigurationReference = F4EB01731925AAB2E6B17C36 /* Pods-NumbersApplication.release.xcconfig */;
			buildSettings = {
				ASSETCATALOG_COMPILER_APPICON_NAME = AppIcon;
				CODE_SIGN_STYLE = Automatic;
				DEVELOPMENT_TEAM = AEXXQNVE8L;
				INFOPLIST_FILE = NumbersApplication/Info.plist;
				LD_RUNPATH_SEARCH_PATHS = "$(inherited) @executable_path/Frameworks";
				PRODUCT_BUNDLE_IDENTIFIER = Kamajabu.NumbersApplication;
				PRODUCT_NAME = "$(TARGET_NAME)";
				SWIFT_VERSION = 4.0;
				TARGETED_DEVICE_FAMILY = "1,2";
			};
			name = Release;
		};
		2C7D5A0620152BEC00BDEFDD /* Debug */ = {
			isa = XCBuildConfiguration;
			baseConfigurationReference = 96A7F6FDB2FDC37F4D172DDC /* Pods-NumbersApplicationTests.debug.xcconfig */;
			buildSettings = {
				ALWAYS_EMBED_SWIFT_STANDARD_LIBRARIES = YES;
				BUNDLE_LOADER = "$(TEST_HOST)";
				CODE_SIGN_STYLE = Automatic;
				DEVELOPMENT_TEAM = AEXXQNVE8L;
				INFOPLIST_FILE = NumbersApplicationTests/Info.plist;
				LD_RUNPATH_SEARCH_PATHS = "$(inherited) @executable_path/Frameworks @loader_path/Frameworks";
				PRODUCT_BUNDLE_IDENTIFIER = Kamajabu.NumbersApplicationTests;
				PRODUCT_NAME = "$(TARGET_NAME)";
				SWIFT_VERSION = 4.0;
				TARGETED_DEVICE_FAMILY = "1,2";
				TEST_HOST = "$(BUILT_PRODUCTS_DIR)/NumbersApplication.app/NumbersApplication";
			};
			name = Debug;
		};
		2C7D5A0720152BEC00BDEFDD /* Release */ = {
			isa = XCBuildConfiguration;
			baseConfigurationReference = 158C07A9EDE99DFA455B5401 /* Pods-NumbersApplicationTests.release.xcconfig */;
			buildSettings = {
				ALWAYS_EMBED_SWIFT_STANDARD_LIBRARIES = YES;
				BUNDLE_LOADER = "$(TEST_HOST)";
				CODE_SIGN_STYLE = Automatic;
				DEVELOPMENT_TEAM = AEXXQNVE8L;
				INFOPLIST_FILE = NumbersApplicationTests/Info.plist;
				LD_RUNPATH_SEARCH_PATHS = "$(inherited) @executable_path/Frameworks @loader_path/Frameworks";
				PRODUCT_BUNDLE_IDENTIFIER = Kamajabu.NumbersApplicationTests;
				PRODUCT_NAME = "$(TARGET_NAME)";
				SWIFT_VERSION = 4.0;
				TARGETED_DEVICE_FAMILY = "1,2";
				TEST_HOST = "$(BUILT_PRODUCTS_DIR)/NumbersApplication.app/NumbersApplication";
			};
			name = Release;
		};
		2C7D5A0920152BEC00BDEFDD /* Debug */ = {
			isa = XCBuildConfiguration;
			baseConfigurationReference = FB7BE2B35257665D1ACC5D03 /* Pods-NumbersApplicationUITests.debug.xcconfig */;
			buildSettings = {
				ALWAYS_EMBED_SWIFT_STANDARD_LIBRARIES = YES;
				CODE_SIGN_STYLE = Automatic;
				DEVELOPMENT_TEAM = AEXXQNVE8L;
				INFOPLIST_FILE = NumbersApplicationUITests/Info.plist;
				LD_RUNPATH_SEARCH_PATHS = "$(inherited) @executable_path/Frameworks @loader_path/Frameworks";
				PRODUCT_BUNDLE_IDENTIFIER = Kamajabu.NumbersApplicationUITests;
				PRODUCT_NAME = "$(TARGET_NAME)";
				SWIFT_VERSION = 4.0;
				TARGETED_DEVICE_FAMILY = "1,2";
				TEST_TARGET_NAME = NumbersApplication;
			};
			name = Debug;
		};
		2C7D5A0A20152BEC00BDEFDD /* Release */ = {
			isa = XCBuildConfiguration;
			baseConfigurationReference = 498B51861FEC4588DDA3E1CF /* Pods-NumbersApplicationUITests.release.xcconfig */;
			buildSettings = {
				ALWAYS_EMBED_SWIFT_STANDARD_LIBRARIES = YES;
				CODE_SIGN_STYLE = Automatic;
				DEVELOPMENT_TEAM = AEXXQNVE8L;
				INFOPLIST_FILE = NumbersApplicationUITests/Info.plist;
				LD_RUNPATH_SEARCH_PATHS = "$(inherited) @executable_path/Frameworks @loader_path/Frameworks";
				PRODUCT_BUNDLE_IDENTIFIER = Kamajabu.NumbersApplicationUITests;
				PRODUCT_NAME = "$(TARGET_NAME)";
				SWIFT_VERSION = 4.0;
				TARGETED_DEVICE_FAMILY = "1,2";
				TEST_TARGET_NAME = NumbersApplication;
			};
			name = Release;
		};
/* End XCBuildConfiguration section */

/* Begin XCConfigurationList section */
		2C7D59D220152BEB00BDEFDD /* Build configuration list for PBXProject "NumbersApplication" */ = {
			isa = XCConfigurationList;
			buildConfigurations = (
				2C7D5A0020152BEC00BDEFDD /* Debug */,
				2C7D5A0120152BEC00BDEFDD /* Release */,
			);
			defaultConfigurationIsVisible = 0;
			defaultConfigurationName = Release;
		};
		2C7D5A0220152BEC00BDEFDD /* Build configuration list for PBXNativeTarget "NumbersApplication" */ = {
			isa = XCConfigurationList;
			buildConfigurations = (
				2C7D5A0320152BEC00BDEFDD /* Debug */,
				2C7D5A0420152BEC00BDEFDD /* Release */,
			);
			defaultConfigurationIsVisible = 0;
			defaultConfigurationName = Release;
		};
		2C7D5A0520152BEC00BDEFDD /* Build configuration list for PBXNativeTarget "NumbersApplicationTests" */ = {
			isa = XCConfigurationList;
			buildConfigurations = (
				2C7D5A0620152BEC00BDEFDD /* Debug */,
				2C7D5A0720152BEC00BDEFDD /* Release */,
			);
			defaultConfigurationIsVisible = 0;
			defaultConfigurationName = Release;
		};
		2C7D5A0820152BEC00BDEFDD /* Build configuration list for PBXNativeTarget "NumbersApplicationUITests" */ = {
			isa = XCConfigurationList;
			buildConfigurations = (
				2C7D5A0920152BEC00BDEFDD /* Debug */,
				2C7D5A0A20152BEC00BDEFDD /* Release */,
			);
			defaultConfigurationIsVisible = 0;
			defaultConfigurationName = Release;
		};
/* End XCConfigurationList section */

/* Begin XCVersionGroup section */
		2C7D59E120152BEB00BDEFDD /* NumbersApplication.xcdatamodeld */ = {
			isa = XCVersionGroup;
			children = (
				2C7D59E220152BEB00BDEFDD /* NumbersApplication.xcdatamodel */,
			);
			currentVersion = 2C7D59E220152BEB00BDEFDD /* NumbersApplication.xcdatamodel */;
			path = NumbersApplication.xcdatamodeld;
			sourceTree = "<group>";
			versionGroupType = wrapper.xcdatamodel;
		};
/* End XCVersionGroup section */
	};
	rootObject = 2C7D59CF20152BEB00BDEFDD /* Project object */;
}
